// !$*UTF8*$!
{
	archiveVersion = 1;
	classes = {
	};
	objectVersion = 52;
	objects = {

/* Begin PBXBuildFile section */
		6C0D8014274A82FA00A4E641 /* GCStreamSettingsController.swift in Sources */ = {isa = PBXBuildFile; fileRef = 6C0D8013274A82FA00A4E641 /* GCStreamSettingsController.swift */; };
		6C0D8016274A8B1800A4E641 /* Extensions.swift in Sources */ = {isa = PBXBuildFile; fileRef = 6C0D8015274A8B1700A4E641 /* Extensions.swift */; };
		6C0D8018274A928A00A4E641 /* GCSelectStreamTextField.swift in Sources */ = {isa = PBXBuildFile; fileRef = 6C0D8017274A928A00A4E641 /* GCSelectStreamTextField.swift */; };
		6C0D801B275163F600A4E641 /* VideoSettings.swift in Sources */ = {isa = PBXBuildFile; fileRef = 6C0D801A275163F600A4E641 /* VideoSettings.swift */; };
		6C10E48127294BA400FB499C /* HaishinKit in Frameworks */ = {isa = PBXBuildFile; productRef = 6C10E48027294BA400FB499C /* HaishinKit */; };
		6C10E4862729510400FB499C /* GCRecordViewController.swift in Sources */ = {isa = PBXBuildFile; fileRef = 6C10E4852729510400FB499C /* GCRecordViewController.swift */; };
		6C3BF4B02719AFA800981C2C /* AppDelegate.swift in Sources */ = {isa = PBXBuildFile; fileRef = 6C3BF4AF2719AFA800981C2C /* AppDelegate.swift */; };
		6C3BF4B42719AFA800981C2C /* GCAccountViewController.swift in Sources */ = {isa = PBXBuildFile; fileRef = 6C3BF4B32719AFA800981C2C /* GCAccountViewController.swift */; };
		6C3BF4B92719AFAC00981C2C /* Assets.xcassets in Resources */ = {isa = PBXBuildFile; fileRef = 6C3BF4B82719AFAC00981C2C /* Assets.xcassets */; };
		6C3BF4BC2719AFAD00981C2C /* LaunchScreen.storyboard in Resources */ = {isa = PBXBuildFile; fileRef = 6C3BF4BA2719AFAD00981C2C /* LaunchScreen.storyboard */; };
		6C3BF4C62719B29400981C2C /* GCTabBarController.swift in Sources */ = {isa = PBXBuildFile; fileRef = 6C3BF4C52719B29400981C2C /* GCTabBarController.swift */; };
		6C3BF4CA2719CE4F00981C2C /* GCHeaderLabel.swift in Sources */ = {isa = PBXBuildFile; fileRef = 6C3BF4C92719CE4F00981C2C /* GCHeaderLabel.swift */; };
		6C3BF4CC2719CE5700981C2C /* GCSelectedUserView.swift in Sources */ = {isa = PBXBuildFile; fileRef = 6C3BF4CB2719CE5700981C2C /* GCSelectedUserView.swift */; };
		6C3BF4CE271C485D00981C2C /* GCModel.swift in Sources */ = {isa = PBXBuildFile; fileRef = 6C3BF4CD271C485D00981C2C /* GCModel.swift */; };
		6C3BF4D1271C4B7700981C2C /* HTTPCommunication.swift in Sources */ = {isa = PBXBuildFile; fileRef = 6C3BF4D0271C4B7700981C2C /* HTTPCommunication.swift */; };
		6C3BF4D3271C61C000981C2C /* DataParser.swift in Sources */ = {isa = PBXBuildFile; fileRef = 6C3BF4D2271C61C000981C2C /* DataParser.swift */; };
		6C3BF4D5271C67C400981C2C /* GCBroadcastListViewController.swift in Sources */ = {isa = PBXBuildFile; fileRef = 6C3BF4D4271C67C400981C2C /* GCBroadcastListViewController.swift */; };
		6C3BF4D7271C6A2200981C2C /* GCBroadcastViewingCell.swift in Sources */ = {isa = PBXBuildFile; fileRef = 6C3BF4D6271C6A2200981C2C /* GCBroadcastViewingCell.swift */; };
		6C3BF4D9271C6AF500981C2C /* GCShortDescriptionCellView.swift in Sources */ = {isa = PBXBuildFile; fileRef = 6C3BF4D8271C6AF500981C2C /* GCShortDescriptionCellView.swift */; };
		6C3BF4DD271C785300981C2C /* GCPlayerViewController.swift in Sources */ = {isa = PBXBuildFile; fileRef = 6C3BF4DC271C785300981C2C /* GCPlayerViewController.swift */; };
		6C60F654272FEF6400E8B0B0 /* NetworkManager.swift in Sources */ = {isa = PBXBuildFile; fileRef = 6C60F653272FEF6400E8B0B0 /* NetworkManager.swift */; };
		6C6727E127BCF093009EBDC4 /* Localizable.strings in Resources */ = {isa = PBXBuildFile; fileRef = 6C6727E327BCF093009EBDC4 /* Localizable.strings */; };
		6CB38097276639AE000A171E /* GCBroadcastSettingsController.swift in Sources */ = {isa = PBXBuildFile; fileRef = 6CB38096276639AE000A171E /* GCBroadcastSettingsController.swift */; };
		6CB380992766C7A5000A171E /* GCBroadcastSettingCell.swift in Sources */ = {isa = PBXBuildFile; fileRef = 6CB380982766C7A5000A171E /* GCBroadcastSettingCell.swift */; };
		6CB3809B2766D3F4000A171E /* GCButton.swift in Sources */ = {isa = PBXBuildFile; fileRef = 6CB3809A2766D3F4000A171E /* GCButton.swift */; };
		6CB4F044276011B5009A82DC /* GCStreamConfigurationButton.swift in Sources */ = {isa = PBXBuildFile; fileRef = 6CB4F043276011B5009A82DC /* GCStreamConfigurationButton.swift */; };
		6CB4F0462760C100009A82DC /* GCVideoSettingView.swift in Sources */ = {isa = PBXBuildFile; fileRef = 6CB4F0452760C0FF009A82DC /* GCVideoSettingView.swift */; };
/* End PBXBuildFile section */

/* Begin PBXFileReference section */
		6C0D8013274A82FA00A4E641 /* GCStreamSettingsController.swift */ = {isa = PBXFileReference; lastKnownFileType = sourcecode.swift; path = GCStreamSettingsController.swift; sourceTree = "<group>"; };
		6C0D8015274A8B1700A4E641 /* Extensions.swift */ = {isa = PBXFileReference; lastKnownFileType = sourcecode.swift; path = Extensions.swift; sourceTree = "<group>"; };
		6C0D8017274A928A00A4E641 /* GCSelectStreamTextField.swift */ = {isa = PBXFileReference; lastKnownFileType = sourcecode.swift; path = GCSelectStreamTextField.swift; sourceTree = "<group>"; };
		6C0D801A275163F600A4E641 /* VideoSettings.swift */ = {isa = PBXFileReference; lastKnownFileType = sourcecode.swift; path = VideoSettings.swift; sourceTree = "<group>"; };
		6C10E4852729510400FB499C /* GCRecordViewController.swift */ = {isa = PBXFileReference; lastKnownFileType = sourcecode.swift; path = GCRecordViewController.swift; sourceTree = "<group>"; };
		6C3BF4AC2719AFA800981C2C /* GCoreStreamsDemo.app */ = {isa = PBXFileReference; explicitFileType = wrapper.application; includeInIndex = 0; path = GCoreStreamsDemo.app; sourceTree = BUILT_PRODUCTS_DIR; };
		6C3BF4AF2719AFA800981C2C /* AppDelegate.swift */ = {isa = PBXFileReference; lastKnownFileType = sourcecode.swift; path = AppDelegate.swift; sourceTree = "<group>"; };
		6C3BF4B32719AFA800981C2C /* GCAccountViewController.swift */ = {isa = PBXFileReference; lastKnownFileType = sourcecode.swift; path = GCAccountViewController.swift; sourceTree = "<group>"; };
		6C3BF4B82719AFAC00981C2C /* Assets.xcassets */ = {isa = PBXFileReference; lastKnownFileType = folder.assetcatalog; path = Assets.xcassets; sourceTree = "<group>"; };
		6C3BF4BB2719AFAD00981C2C /* Base */ = {isa = PBXFileReference; lastKnownFileType = file.storyboard; name = Base; path = Base.lproj/LaunchScreen.storyboard; sourceTree = "<group>"; };
		6C3BF4BD2719AFAD00981C2C /* Info.plist */ = {isa = PBXFileReference; lastKnownFileType = text.plist.xml; path = Info.plist; sourceTree = "<group>"; };
		6C3BF4C52719B29400981C2C /* GCTabBarController.swift */ = {isa = PBXFileReference; lastKnownFileType = sourcecode.swift; path = GCTabBarController.swift; sourceTree = "<group>"; };
		6C3BF4C92719CE4F00981C2C /* GCHeaderLabel.swift */ = {isa = PBXFileReference; fileEncoding = 4; lastKnownFileType = sourcecode.swift; path = GCHeaderLabel.swift; sourceTree = "<group>"; };
		6C3BF4CB2719CE5700981C2C /* GCSelectedUserView.swift */ = {isa = PBXFileReference; fileEncoding = 4; lastKnownFileType = sourcecode.swift; path = GCSelectedUserView.swift; sourceTree = "<group>"; };
		6C3BF4CD271C485D00981C2C /* GCModel.swift */ = {isa = PBXFileReference; lastKnownFileType = sourcecode.swift; path = GCModel.swift; sourceTree = "<group>"; };
		6C3BF4D0271C4B7700981C2C /* HTTPCommunication.swift */ = {isa = PBXFileReference; fileEncoding = 4; lastKnownFileType = sourcecode.swift; path = HTTPCommunication.swift; sourceTree = "<group>"; };
		6C3BF4D2271C61C000981C2C /* DataParser.swift */ = {isa = PBXFileReference; lastKnownFileType = sourcecode.swift; path = DataParser.swift; sourceTree = "<group>"; };
		6C3BF4D4271C67C400981C2C /* GCBroadcastListViewController.swift */ = {isa = PBXFileReference; lastKnownFileType = sourcecode.swift; path = GCBroadcastListViewController.swift; sourceTree = "<group>"; };
		6C3BF4D6271C6A2200981C2C /* GCBroadcastViewingCell.swift */ = {isa = PBXFileReference; fileEncoding = 4; lastKnownFileType = sourcecode.swift; path = GCBroadcastViewingCell.swift; sourceTree = "<group>"; };
		6C3BF4D8271C6AF500981C2C /* GCShortDescriptionCellView.swift */ = {isa = PBXFileReference; fileEncoding = 4; lastKnownFileType = sourcecode.swift; path = GCShortDescriptionCellView.swift; sourceTree = "<group>"; };
		6C3BF4DC271C785300981C2C /* GCPlayerViewController.swift */ = {isa = PBXFileReference; fileEncoding = 4; lastKnownFileType = sourcecode.swift; path = GCPlayerViewController.swift; sourceTree = "<group>"; };
		6C60F653272FEF6400E8B0B0 /* NetworkManager.swift */ = {isa = PBXFileReference; lastKnownFileType = sourcecode.swift; path = NetworkManager.swift; sourceTree = "<group>"; };
		6C6727DE27BCF049009EBDC4 /* fr */ = {isa = PBXFileReference; lastKnownFileType = text.plist.strings; name = fr; path = fr.lproj/LaunchScreen.strings; sourceTree = "<group>"; };
		6C6727DF27BCF055009EBDC4 /* de */ = {isa = PBXFileReference; lastKnownFileType = text.plist.strings; name = de; path = de.lproj/LaunchScreen.strings; sourceTree = "<group>"; };
		6C6727E027BCF061009EBDC4 /* es */ = {isa = PBXFileReference; lastKnownFileType = text.plist.strings; name = es; path = es.lproj/LaunchScreen.strings; sourceTree = "<group>"; };
		6C6727E227BCF093009EBDC4 /* fr */ = {isa = PBXFileReference; lastKnownFileType = text.plist.strings; name = fr; path = fr.lproj/Localizable.strings; sourceTree = "<group>"; };
		6C6727E427BCF098009EBDC4 /* de */ = {isa = PBXFileReference; lastKnownFileType = text.plist.strings; name = de; path = de.lproj/Localizable.strings; sourceTree = "<group>"; };
		6C6727E527BCF099009EBDC4 /* es */ = {isa = PBXFileReference; lastKnownFileType = text.plist.strings; name = es; path = es.lproj/Localizable.strings; sourceTree = "<group>"; };
		6C6727E627BCF09A009EBDC4 /* en */ = {isa = PBXFileReference; lastKnownFileType = text.plist.strings; name = en; path = en.lproj/Localizable.strings; sourceTree = "<group>"; };
		6CB38096276639AE000A171E /* GCBroadcastSettingsController.swift */ = {isa = PBXFileReference; lastKnownFileType = sourcecode.swift; path = GCBroadcastSettingsController.swift; sourceTree = "<group>"; };
		6CB380982766C7A5000A171E /* GCBroadcastSettingCell.swift */ = {isa = PBXFileReference; lastKnownFileType = sourcecode.swift; path = GCBroadcastSettingCell.swift; sourceTree = "<group>"; };
		6CB3809A2766D3F4000A171E /* GCButton.swift */ = {isa = PBXFileReference; lastKnownFileType = sourcecode.swift; path = GCButton.swift; sourceTree = "<group>"; };
		6CB4F043276011B5009A82DC /* GCStreamConfigurationButton.swift */ = {isa = PBXFileReference; lastKnownFileType = sourcecode.swift; path = GCStreamConfigurationButton.swift; sourceTree = "<group>"; };
		6CB4F0452760C0FF009A82DC /* GCVideoSettingView.swift */ = {isa = PBXFileReference; lastKnownFileType = sourcecode.swift; path = GCVideoSettingView.swift; sourceTree = "<group>"; };
/* End PBXFileReference section */

/* Begin PBXFrameworksBuildPhase section */
		6C3BF4A92719AFA800981C2C /* Frameworks */ = {
			isa = PBXFrameworksBuildPhase;
			buildActionMask = 2147483647;
			files = (
				6C10E48127294BA400FB499C /* HaishinKit in Frameworks */,
			);
			runOnlyForDeploymentPostprocessing = 0;
		};
/* End PBXFrameworksBuildPhase section */

/* Begin PBXGroup section */
		6C0D80192751638300A4E641 /* Media */ = {
			isa = PBXGroup;
			children = (
				6C0D801A275163F600A4E641 /* VideoSettings.swift */,
			);
			path = Media;
			sourceTree = "<group>";
		};
		6C3BF4A32719AFA800981C2C = {
			isa = PBXGroup;
			children = (
				6C3BF4AE2719AFA800981C2C /* GCoreStreamsDemo */,
				6C3BF4AD2719AFA800981C2C /* Products */,
				6CEB3B6F27877DDC00576AEA /* Frameworks */,
			);
			sourceTree = "<group>";
		};
		6C3BF4AD2719AFA800981C2C /* Products */ = {
			isa = PBXGroup;
			children = (
				6C3BF4AC2719AFA800981C2C /* GCoreStreamsDemo.app */,
			);
			name = Products;
			sourceTree = "<group>";
		};
		6C3BF4AE2719AFA800981C2C /* GCoreStreamsDemo */ = {
			isa = PBXGroup;
			children = (
				6C3BF4C32719B1E500981C2C /* OtherFiles */,
				6C0D80192751638300A4E641 /* Media */,
				6C3BF4CF271C4B7700981C2C /* Network */,
				6C3BF4C72719B33600981C2C /* Model */,
				6C3BF4C82719B34200981C2C /* View */,
				6C3BF4C42719B21800981C2C /* Controller */,
			);
			path = GCoreStreamsDemo;
			sourceTree = "<group>";
		};
		6C3BF4C32719B1E500981C2C /* OtherFiles */ = {
			isa = PBXGroup;
			children = (
				6C3BF4AF2719AFA800981C2C /* AppDelegate.swift */,
				6C3BF4B82719AFAC00981C2C /* Assets.xcassets */,
				6C3BF4BA2719AFAD00981C2C /* LaunchScreen.storyboard */,
				6C3BF4BD2719AFAD00981C2C /* Info.plist */,
				6C6727E327BCF093009EBDC4 /* Localizable.strings */,
				6C0D8015274A8B1700A4E641 /* Extensions.swift */,
			);
			path = OtherFiles;
			sourceTree = "<group>";
		};
		6C3BF4C42719B21800981C2C /* Controller */ = {
			isa = PBXGroup;
			children = (
				6C3BF4B32719AFA800981C2C /* GCAccountViewController.swift */,
				6C3BF4DC271C785300981C2C /* GCPlayerViewController.swift */,
				6C3BF4D4271C67C400981C2C /* GCBroadcastListViewController.swift */,
				6C3BF4C52719B29400981C2C /* GCTabBarController.swift */,
				6C10E4852729510400FB499C /* GCRecordViewController.swift */,
				6C0D8013274A82FA00A4E641 /* GCStreamSettingsController.swift */,
				6CB38096276639AE000A171E /* GCBroadcastSettingsController.swift */,
			);
			path = Controller;
			sourceTree = "<group>";
		};
		6C3BF4C72719B33600981C2C /* Model */ = {
			isa = PBXGroup;
			children = (
				6C3BF4CD271C485D00981C2C /* GCModel.swift */,
			);
			path = Model;
			sourceTree = "<group>";
		};
		6C3BF4C82719B34200981C2C /* View */ = {
			isa = PBXGroup;
			children = (
				6C3BF4D6271C6A2200981C2C /* GCBroadcastViewingCell.swift */,
				6CB380982766C7A5000A171E /* GCBroadcastSettingCell.swift */,
				6C3BF4D8271C6AF500981C2C /* GCShortDescriptionCellView.swift */,
				6C3BF4C92719CE4F00981C2C /* GCHeaderLabel.swift */,
				6C3BF4CB2719CE5700981C2C /* GCSelectedUserView.swift */,
				6C0D8017274A928A00A4E641 /* GCSelectStreamTextField.swift */,
				6CB4F043276011B5009A82DC /* GCStreamConfigurationButton.swift */,
				6CB4F0452760C0FF009A82DC /* GCVideoSettingView.swift */,
				6CB3809A2766D3F4000A171E /* GCButton.swift */,
			);
			path = View;
			sourceTree = "<group>";
		};
		6C3BF4CF271C4B7700981C2C /* Network */ = {
			isa = PBXGroup;
			children = (
				6C60F653272FEF6400E8B0B0 /* NetworkManager.swift */,
				6C3BF4D0271C4B7700981C2C /* HTTPCommunication.swift */,
				6C3BF4D2271C61C000981C2C /* DataParser.swift */,
			);
			path = Network;
			sourceTree = "<group>";
		};
		6CEB3B6F27877DDC00576AEA /* Frameworks */ = {
			isa = PBXGroup;
			children = (
			);
			name = Frameworks;
			sourceTree = "<group>";
		};
/* End PBXGroup section */

/* Begin PBXNativeTarget section */
		6C3BF4AB2719AFA800981C2C /* GCoreStreamsDemo */ = {
			isa = PBXNativeTarget;
			buildConfigurationList = 6C3BF4C02719AFAD00981C2C /* Build configuration list for PBXNativeTarget "GCoreStreamsDemo" */;
			buildPhases = (
				6C3BF4A82719AFA800981C2C /* Sources */,
				6C3BF4A92719AFA800981C2C /* Frameworks */,
				6C3BF4AA2719AFA800981C2C /* Resources */,
			);
			buildRules = (
			);
			dependencies = (
			);
			name = GCoreStreamsDemo;
			packageProductDependencies = (
				6C10E48027294BA400FB499C /* HaishinKit */,
			);
			productName = GCoreLabsDemoTwo;
			productReference = 6C3BF4AC2719AFA800981C2C /* GCoreStreamsDemo.app */;
			productType = "com.apple.product-type.application";
		};
/* End PBXNativeTarget section */

/* Begin PBXProject section */
		6C3BF4A42719AFA800981C2C /* Project object */ = {
			isa = PBXProject;
			attributes = {
				LastSwiftUpdateCheck = 1250;
				LastUpgradeCheck = 1250;
				TargetAttributes = {
					6C3BF4AB2719AFA800981C2C = {
						CreatedOnToolsVersion = 12.5;
					};
				};
			};
			buildConfigurationList = 6C3BF4A72719AFA800981C2C /* Build configuration list for PBXProject "GCoreStreamsDemo" */;
			compatibilityVersion = "Xcode 9.3";
			developmentRegion = en;
			hasScannedForEncodings = 0;
			knownRegions = (
				en,
				Base,
				fr,
				de,
				es,
			);
			mainGroup = 6C3BF4A32719AFA800981C2C;
			packageReferences = (
				6C10E47F27294BA400FB499C /* XCRemoteSwiftPackageReference "HaishinKit" */,
			);
			productRefGroup = 6C3BF4AD2719AFA800981C2C /* Products */;
			projectDirPath = "";
			projectRoot = "";
			targets = (
				6C3BF4AB2719AFA800981C2C /* GCoreStreamsDemo */,
			);
		};
/* End PBXProject section */

/* Begin PBXResourcesBuildPhase section */
		6C3BF4AA2719AFA800981C2C /* Resources */ = {
			isa = PBXResourcesBuildPhase;
			buildActionMask = 2147483647;
			files = (
				6C3BF4BC2719AFAD00981C2C /* LaunchScreen.storyboard in Resources */,
				6C6727E127BCF093009EBDC4 /* Localizable.strings in Resources */,
				6C3BF4B92719AFAC00981C2C /* Assets.xcassets in Resources */,
			);
			runOnlyForDeploymentPostprocessing = 0;
		};
/* End PBXResourcesBuildPhase section */

/* Begin PBXSourcesBuildPhase section */
		6C3BF4A82719AFA800981C2C /* Sources */ = {
			isa = PBXSourcesBuildPhase;
			buildActionMask = 2147483647;
			files = (
				6CB380992766C7A5000A171E /* GCBroadcastSettingCell.swift in Sources */,
				6C10E4862729510400FB499C /* GCRecordViewController.swift in Sources */,
				6C0D8014274A82FA00A4E641 /* GCStreamSettingsController.swift in Sources */,
				6C3BF4B42719AFA800981C2C /* GCAccountViewController.swift in Sources */,
				6C3BF4CA2719CE4F00981C2C /* GCHeaderLabel.swift in Sources */,
				6CB4F044276011B5009A82DC /* GCStreamConfigurationButton.swift in Sources */,
				6CB4F0462760C100009A82DC /* GCVideoSettingView.swift in Sources */,
				6CB3809B2766D3F4000A171E /* GCButton.swift in Sources */,
				6C3BF4D3271C61C000981C2C /* DataParser.swift in Sources */,
				6CB38097276639AE000A171E /* GCBroadcastSettingsController.swift in Sources */,
				6C3BF4D1271C4B7700981C2C /* HTTPCommunication.swift in Sources */,
				6C3BF4D9271C6AF500981C2C /* GCShortDescriptionCellView.swift in Sources */,
				6C3BF4DD271C785300981C2C /* GCPlayerViewController.swift in Sources */,
				6C3BF4B02719AFA800981C2C /* AppDelegate.swift in Sources */,
				6C0D801B275163F600A4E641 /* VideoSettings.swift in Sources */,
				6C3BF4D5271C67C400981C2C /* GCBroadcastListViewController.swift in Sources */,
				6C3BF4D7271C6A2200981C2C /* GCBroadcastViewingCell.swift in Sources */,
				6C0D8016274A8B1800A4E641 /* Extensions.swift in Sources */,
				6C60F654272FEF6400E8B0B0 /* NetworkManager.swift in Sources */,
				6C3BF4C62719B29400981C2C /* GCTabBarController.swift in Sources */,
				6C3BF4CC2719CE5700981C2C /* GCSelectedUserView.swift in Sources */,
				6C3BF4CE271C485D00981C2C /* GCModel.swift in Sources */,
				6C0D8018274A928A00A4E641 /* GCSelectStreamTextField.swift in Sources */,
			);
			runOnlyForDeploymentPostprocessing = 0;
		};
/* End PBXSourcesBuildPhase section */

/* Begin PBXVariantGroup section */
		6C3BF4BA2719AFAD00981C2C /* LaunchScreen.storyboard */ = {
			isa = PBXVariantGroup;
			children = (
				6C3BF4BB2719AFAD00981C2C /* Base */,
				6C6727DE27BCF049009EBDC4 /* fr */,
				6C6727DF27BCF055009EBDC4 /* de */,
				6C6727E027BCF061009EBDC4 /* es */,
			);
			name = LaunchScreen.storyboard;
			sourceTree = "<group>";
		};
		6C6727E327BCF093009EBDC4 /* Localizable.strings */ = {
			isa = PBXVariantGroup;
			children = (
				6C6727E227BCF093009EBDC4 /* fr */,
				6C6727E427BCF098009EBDC4 /* de */,
				6C6727E527BCF099009EBDC4 /* es */,
				6C6727E627BCF09A009EBDC4 /* en */,
			);
			name = Localizable.strings;
			sourceTree = "<group>";
		};
/* End PBXVariantGroup section */

/* Begin XCBuildConfiguration section */
		6C3BF4BE2719AFAD00981C2C /* Debug */ = {
			isa = XCBuildConfiguration;
			buildSettings = {
				ALWAYS_SEARCH_USER_PATHS = NO;
				CLANG_ANALYZER_LOCALIZABILITY_NONLOCALIZED = YES;
				CLANG_ANALYZER_NONNULL = YES;
				CLANG_ANALYZER_NUMBER_OBJECT_CONVERSION = YES_AGGRESSIVE;
				CLANG_CXX_LANGUAGE_STANDARD = "gnu++14";
				CLANG_CXX_LIBRARY = "libc++";
				CLANG_ENABLE_MODULES = YES;
				CLANG_ENABLE_OBJC_ARC = YES;
				CLANG_ENABLE_OBJC_WEAK = YES;
				CLANG_WARN_BLOCK_CAPTURE_AUTORELEASING = YES;
				CLANG_WARN_BOOL_CONVERSION = YES;
				CLANG_WARN_COMMA = YES;
				CLANG_WARN_CONSTANT_CONVERSION = YES;
				CLANG_WARN_DEPRECATED_OBJC_IMPLEMENTATIONS = YES;
				CLANG_WARN_DIRECT_OBJC_ISA_USAGE = YES_ERROR;
				CLANG_WARN_DOCUMENTATION_COMMENTS = YES;
				CLANG_WARN_EMPTY_BODY = YES;
				CLANG_WARN_ENUM_CONVERSION = YES;
				CLANG_WARN_INFINITE_RECURSION = YES;
				CLANG_WARN_INT_CONVERSION = YES;
				CLANG_WARN_NON_LITERAL_NULL_CONVERSION = YES;
				CLANG_WARN_OBJC_IMPLICIT_RETAIN_SELF = YES;
				CLANG_WARN_OBJC_LITERAL_CONVERSION = YES;
				CLANG_WARN_OBJC_ROOT_CLASS = YES_ERROR;
				CLANG_WARN_QUOTED_INCLUDE_IN_FRAMEWORK_HEADER = YES;
				CLANG_WARN_RANGE_LOOP_ANALYSIS = YES;
				CLANG_WARN_STRICT_PROTOTYPES = YES;
				CLANG_WARN_SUSPICIOUS_MOVE = YES;
				CLANG_WARN_UNGUARDED_AVAILABILITY = YES_AGGRESSIVE;
				CLANG_WARN_UNREACHABLE_CODE = YES;
				CLANG_WARN__DUPLICATE_METHOD_MATCH = YES;
				COPY_PHASE_STRIP = NO;
				DEBUG_INFORMATION_FORMAT = dwarf;
				ENABLE_STRICT_OBJC_MSGSEND = YES;
				ENABLE_TESTABILITY = YES;
				GCC_C_LANGUAGE_STANDARD = gnu11;
				GCC_DYNAMIC_NO_PIC = NO;
				GCC_NO_COMMON_BLOCKS = YES;
				GCC_OPTIMIZATION_LEVEL = 0;
				GCC_PREPROCESSOR_DEFINITIONS = (
					"DEBUG=1",
					"$(inherited)",
				);
				GCC_WARN_64_TO_32_BIT_CONVERSION = YES;
				GCC_WARN_ABOUT_RETURN_TYPE = YES_ERROR;
				GCC_WARN_UNDECLARED_SELECTOR = YES;
				GCC_WARN_UNINITIALIZED_AUTOS = YES_AGGRESSIVE;
				GCC_WARN_UNUSED_FUNCTION = YES;
				GCC_WARN_UNUSED_VARIABLE = YES;
				IPHONEOS_DEPLOYMENT_TARGET = 12.1;
				MTL_ENABLE_DEBUG_INFO = INCLUDE_SOURCE;
				MTL_FAST_MATH = YES;
				ONLY_ACTIVE_ARCH = YES;
				SDKROOT = iphoneos;
				SWIFT_ACTIVE_COMPILATION_CONDITIONS = DEBUG;
				SWIFT_OPTIMIZATION_LEVEL = "-Onone";
			};
			name = Debug;
		};
		6C3BF4BF2719AFAD00981C2C /* Release */ = {
			isa = XCBuildConfiguration;
			buildSettings = {
				ALWAYS_SEARCH_USER_PATHS = NO;
				CLANG_ANALYZER_LOCALIZABILITY_NONLOCALIZED = YES;
				CLANG_ANALYZER_NONNULL = YES;
				CLANG_ANALYZER_NUMBER_OBJECT_CONVERSION = YES_AGGRESSIVE;
				CLANG_CXX_LANGUAGE_STANDARD = "gnu++14";
				CLANG_CXX_LIBRARY = "libc++";
				CLANG_ENABLE_MODULES = YES;
				CLANG_ENABLE_OBJC_ARC = YES;
				CLANG_ENABLE_OBJC_WEAK = YES;
				CLANG_WARN_BLOCK_CAPTURE_AUTORELEASING = YES;
				CLANG_WARN_BOOL_CONVERSION = YES;
				CLANG_WARN_COMMA = YES;
				CLANG_WARN_CONSTANT_CONVERSION = YES;
				CLANG_WARN_DEPRECATED_OBJC_IMPLEMENTATIONS = YES;
				CLANG_WARN_DIRECT_OBJC_ISA_USAGE = YES_ERROR;
				CLANG_WARN_DOCUMENTATION_COMMENTS = YES;
				CLANG_WARN_EMPTY_BODY = YES;
				CLANG_WARN_ENUM_CONVERSION = YES;
				CLANG_WARN_INFINITE_RECURSION = YES;
				CLANG_WARN_INT_CONVERSION = YES;
				CLANG_WARN_NON_LITERAL_NULL_CONVERSION = YES;
				CLANG_WARN_OBJC_IMPLICIT_RETAIN_SELF = YES;
				CLANG_WARN_OBJC_LITERAL_CONVERSION = YES;
				CLANG_WARN_OBJC_ROOT_CLASS = YES_ERROR;
				CLANG_WARN_QUOTED_INCLUDE_IN_FRAMEWORK_HEADER = YES;
				CLANG_WARN_RANGE_LOOP_ANALYSIS = YES;
				CLANG_WARN_STRICT_PROTOTYPES = YES;
				CLANG_WARN_SUSPICIOUS_MOVE = YES;
				CLANG_WARN_UNGUARDED_AVAILABILITY = YES_AGGRESSIVE;
				CLANG_WARN_UNREACHABLE_CODE = YES;
				CLANG_WARN__DUPLICATE_METHOD_MATCH = YES;
				COPY_PHASE_STRIP = NO;
				DEBUG_INFORMATION_FORMAT = "dwarf-with-dsym";
				ENABLE_NS_ASSERTIONS = NO;
				ENABLE_STRICT_OBJC_MSGSEND = YES;
				GCC_C_LANGUAGE_STANDARD = gnu11;
				GCC_NO_COMMON_BLOCKS = YES;
				GCC_WARN_64_TO_32_BIT_CONVERSION = YES;
				GCC_WARN_ABOUT_RETURN_TYPE = YES_ERROR;
				GCC_WARN_UNDECLARED_SELECTOR = YES;
				GCC_WARN_UNINITIALIZED_AUTOS = YES_AGGRESSIVE;
				GCC_WARN_UNUSED_FUNCTION = YES;
				GCC_WARN_UNUSED_VARIABLE = YES;
				IPHONEOS_DEPLOYMENT_TARGET = 12.1;
				MTL_ENABLE_DEBUG_INFO = NO;
				MTL_FAST_MATH = YES;
				SDKROOT = iphoneos;
				SWIFT_COMPILATION_MODE = wholemodule;
				SWIFT_OPTIMIZATION_LEVEL = "-O";
				VALIDATE_PRODUCT = YES;
			};
			name = Release;
		};
		6C3BF4C12719AFAD00981C2C /* Debug */ = {
			isa = XCBuildConfiguration;
			buildSettings = {
				ASSETCATALOG_COMPILER_APPICON_NAME = AppIcon;
				ASSETCATALOG_COMPILER_GLOBAL_ACCENT_COLOR_NAME = AccentColor;
				CODE_SIGN_STYLE = Automatic;
				DEVELOPMENT_TEAM = H667QRM4K6;
				INFOPLIST_FILE = GCoreStreamsDemo/OtherFiles/Info.plist;
				IPHONEOS_DEPLOYMENT_TARGET = 12.1;
				LD_RUNPATH_SEARCH_PATHS = (
					"$(inherited)",
					"@executable_path/Frameworks",
				);
				PRODUCT_BUNDLE_IDENTIFIER = EvgenPol.GCoreStreamsDemo;
				PRODUCT_NAME = "$(TARGET_NAME)";
				SWIFT_VERSION = 5.0;
				TARGETED_DEVICE_FAMILY = 1;
			};
			name = Debug;
		};
		6C3BF4C22719AFAD00981C2C /* Release */ = {
			isa = XCBuildConfiguration;
			buildSettings = {
				ASSETCATALOG_COMPILER_APPICON_NAME = AppIcon;
				ASSETCATALOG_COMPILER_GLOBAL_ACCENT_COLOR_NAME = AccentColor;
				CODE_SIGN_STYLE = Automatic;
				DEVELOPMENT_TEAM = H667QRM4K6;
				INFOPLIST_FILE = GCoreStreamsDemo/OtherFiles/Info.plist;
				IPHONEOS_DEPLOYMENT_TARGET = 12.1;
				LD_RUNPATH_SEARCH_PATHS = (
					"$(inherited)",
					"@executable_path/Frameworks",
				);
				PRODUCT_BUNDLE_IDENTIFIER = EvgenPol.GCoreStreamsDemo;
				PRODUCT_NAME = "$(TARGET_NAME)";
				SWIFT_VERSION = 5.0;
				TARGETED_DEVICE_FAMILY = 1;
			};
			name = Release;
		};
/* End XCBuildConfiguration section */

/* Begin XCConfigurationList section */
		6C3BF4A72719AFA800981C2C /* Build configuration list for PBXProject "GCoreStreamsDemo" */ = {
			isa = XCConfigurationList;
			buildConfigurations = (
				6C3BF4BE2719AFAD00981C2C /* Debug */,
				6C3BF4BF2719AFAD00981C2C /* Release */,
			);
			defaultConfigurationIsVisible = 0;
			defaultConfigurationName = Release;
		};
		6C3BF4C02719AFAD00981C2C /* Build configuration list for PBXNativeTarget "GCoreStreamsDemo" */ = {
			isa = XCConfigurationList;
			buildConfigurations = (
				6C3BF4C12719AFAD00981C2C /* Debug */,
				6C3BF4C22719AFAD00981C2C /* Release */,
			);
			defaultConfigurationIsVisible = 0;
			defaultConfigurationName = Release;
		};
/* End XCConfigurationList section */

/* Begin XCRemoteSwiftPackageReference section */
		6C10E47F27294BA400FB499C /* XCRemoteSwiftPackageReference "HaishinKit" */ = {
			isa = XCRemoteSwiftPackageReference;
			repositoryURL = "https://github.com/shogo4405/HaishinKit.swift";
			requirement = {
				kind = upToNextMajorVersion;
				minimumVersion = 1.2.1;
			};
		};
/* End XCRemoteSwiftPackageReference section */

/* Begin XCSwiftPackageProductDependency section */
		6C10E48027294BA400FB499C /* HaishinKit */ = {
			isa = XCSwiftPackageProductDependency;
			package = 6C10E47F27294BA400FB499C /* XCRemoteSwiftPackageReference "HaishinKit" */;
			productName = HaishinKit;
		};
/* End XCSwiftPackageProductDependency section */
	};
	rootObject = 6C3BF4A42719AFA800981C2C /* Project object */;
}
