// !$*UTF8*$!
{
	archiveVersion = 1;
	classes = {
	};
	objectVersion = 52;
	objects = {

/* Begin PBXBuildFile section */
		6306275828F380DE00AC6C19 /* StreamingController.swift in Sources */ = {isa = PBXBuildFile; fileRef = 6306275728F380DE00AC6C19 /* StreamingController.swift */; };
		6306275A28F380ED00AC6C19 /* StreamingView.swift in Sources */ = {isa = PBXBuildFile; fileRef = 6306275928F380ED00AC6C19 /* StreamingView.swift */; };
		6306276628F620BB00AC6C19 /* StreamCaptureView.swift in Sources */ = {isa = PBXBuildFile; fileRef = 6306276528F620BB00AC6C19 /* StreamCaptureView.swift */; };
		6306276828F622A400AC6C19 /* StreamCaptureController.swift in Sources */ = {isa = PBXBuildFile; fileRef = 6306276728F622A400AC6C19 /* StreamCaptureController.swift */; };
		6306276A28F63FE800AC6C19 /* RoundedLabel.swift in Sources */ = {isa = PBXBuildFile; fileRef = 6306276928F63FE800AC6C19 /* RoundedLabel.swift */; };
		630DDE1D27E323BF002AF948 /* HaishinKit in Frameworks */ = {isa = PBXBuildFile; productRef = 630DDE1C27E323BF002AF948 /* HaishinKit */; };
		630DDE1F27E33A3B002AF948 /* RTMPStreamManager.swift in Sources */ = {isa = PBXBuildFile; fileRef = 630DDE1E27E33A3B002AF948 /* RTMPStreamManager.swift */; };
		633BCC5E28FC5EAA00BE149D /* StreamCaptureView.xib in Resources */ = {isa = PBXBuildFile; fileRef = 633BCC5D28FC5EAA00BE149D /* StreamCaptureView.xib */; };
		633BCC6028FC5FF600BE149D /* Colors.xcassets in Resources */ = {isa = PBXBuildFile; fileRef = 633BCC5F28FC5FF600BE149D /* Colors.xcassets */; };
		633BCC6228FC623E00BE149D /* UIView+Layer.swift in Sources */ = {isa = PBXBuildFile; fileRef = 633BCC6128FC623E00BE149D /* UIView+Layer.swift */; };
		633BCC6428FCB9F000BE149D /* UINavigationController+StatusBar.swift in Sources */ = {isa = PBXBuildFile; fileRef = 633BCC6328FCB9F000BE149D /* UINavigationController+StatusBar.swift */; };
		633BCC6728FCC7F300BE149D /* StreamSettingsController.swift in Sources */ = {isa = PBXBuildFile; fileRef = 633BCC6628FCC7F300BE149D /* StreamSettingsController.swift */; };
		633BCC6928FCC7FF00BE149D /* StreamSettingsView.swift in Sources */ = {isa = PBXBuildFile; fileRef = 633BCC6828FCC7FF00BE149D /* StreamSettingsView.swift */; };
		633BCC6B28FCC88F00BE149D /* StreamSettingsView.xib in Resources */ = {isa = PBXBuildFile; fileRef = 633BCC6A28FCC88F00BE149D /* StreamSettingsView.xib */; };
		633BCC7128FCD8E800BE149D /* StreamSettingsCell.swift in Sources */ = {isa = PBXBuildFile; fileRef = 633BCC6F28FCD8E800BE149D /* StreamSettingsCell.swift */; };
		633BCC7228FCD8E800BE149D /* StreamSettingsCell.xib in Resources */ = {isa = PBXBuildFile; fileRef = 633BCC7028FCD8E800BE149D /* StreamSettingsCell.xib */; };
		633BCC7528FCE69B00BE149D /* StreamSettingsSelectorView.swift in Sources */ = {isa = PBXBuildFile; fileRef = 633BCC7428FCE69B00BE149D /* StreamSettingsSelectorView.swift */; };
		633BCC7728FCE6A100BE149D /* StreamSettingsSelectorView.xib in Resources */ = {isa = PBXBuildFile; fileRef = 633BCC7628FCE6A100BE149D /* StreamSettingsSelectorView.xib */; };
		633BCC7928FCE6AB00BE149D /* StreamSettingsSelectorController.swift in Sources */ = {isa = PBXBuildFile; fileRef = 633BCC7828FCE6AB00BE149D /* StreamSettingsSelectorController.swift */; };
		633BCC7E28FCFC2100BE149D /* StreamSettingsSelectorCell.swift in Sources */ = {isa = PBXBuildFile; fileRef = 633BCC7C28FCFC2100BE149D /* StreamSettingsSelectorCell.swift */; };
		633BCC7F28FCFC2100BE149D /* StreamSettingsSelectorCell.xib in Resources */ = {isa = PBXBuildFile; fileRef = 633BCC7D28FCFC2100BE149D /* StreamSettingsSelectorCell.xib */; };
		633BCC8328FD136F00BE149D /* ProfileMainView.swift in Sources */ = {isa = PBXBuildFile; fileRef = 633BCC8128FD136F00BE149D /* ProfileMainView.swift */; };
		633BCC8428FD136F00BE149D /* ProfileController.swift in Sources */ = {isa = PBXBuildFile; fileRef = 633BCC8228FD136F00BE149D /* ProfileController.swift */; };
		633BCC8728FD183F00BE149D /* StreamCreateController.swift in Sources */ = {isa = PBXBuildFile; fileRef = 633BCC8628FD183F00BE149D /* StreamCreateController.swift */; };
		633BCC8928FD184F00BE149D /* StreamCreateView.swift in Sources */ = {isa = PBXBuildFile; fileRef = 633BCC8828FD184F00BE149D /* StreamCreateView.swift */; };
		634AAB9C28FD188100ECB59E /* StreamCreateView.xib in Resources */ = {isa = PBXBuildFile; fileRef = 634AAB9B28FD188100ECB59E /* StreamCreateView.xib */; };
		634AAB9E28FD1A4F00ECB59E /* UIView+AddContentView.swift in Sources */ = {isa = PBXBuildFile; fileRef = 634AAB9D28FD1A4F00ECB59E /* UIView+AddContentView.swift */; };
		634AABA028FD1DE500ECB59E /* CreateStreamRequest.swift in Sources */ = {isa = PBXBuildFile; fileRef = 634AAB9F28FD1DE500ECB59E /* CreateStreamRequest.swift */; };
		63617DB028FC57C600CAFBFB /* Icons.xcassets in Resources */ = {isa = PBXBuildFile; fileRef = 63617DAF28FC57C600CAFBFB /* Icons.xcassets */; };
		63617DB228FC57D000CAFBFB /* Images.xcassets in Resources */ = {isa = PBXBuildFile; fileRef = 63617DB128FC57D000CAFBFB /* Images.xcassets */; };
		63617DB528FC5D5A00CAFBFB /* UIImage+Icons.swift in Sources */ = {isa = PBXBuildFile; fileRef = 63617DB428FC5D5A00CAFBFB /* UIImage+Icons.swift */; };
		63617DB728FC5D6600CAFBFB /* UIImage+Images.swift in Sources */ = {isa = PBXBuildFile; fileRef = 63617DB628FC5D6600CAFBFB /* UIImage+Images.swift */; };
		63617DBA28FC5D9200CAFBFB /* UIColor+Colors.swift in Sources */ = {isa = PBXBuildFile; fileRef = 63617DB928FC5D9200CAFBFB /* UIColor+Colors.swift */; };
		636F534828C8321D008E7B1A /* LoginModuleError.swift in Sources */ = {isa = PBXBuildFile; fileRef = 636F534328C8321D008E7B1A /* LoginModuleError.swift */; };
		636F534928C8321D008E7B1A /* LoginViewController.swift in Sources */ = {isa = PBXBuildFile; fileRef = 636F534528C8321D008E7B1A /* LoginViewController.swift */; };
		636F534A28C8321D008E7B1A /* LoginMainView.swift in Sources */ = {isa = PBXBuildFile; fileRef = 636F534728C8321D008E7B1A /* LoginMainView.swift */; };
		636F535828C83250008E7B1A /* HTTPCommunicator.swift in Sources */ = {isa = PBXBuildFile; fileRef = 636F534C28C83250008E7B1A /* HTTPCommunicator.swift */; };
		636F535928C83250008E7B1A /* HTTPCommunicatable.swift in Sources */ = {isa = PBXBuildFile; fileRef = 636F534D28C83250008E7B1A /* HTTPCommunicatable.swift */; };
		636F535A28C83250008E7B1A /* HTTPMethod.swift in Sources */ = {isa = PBXBuildFile; fileRef = 636F534E28C83250008E7B1A /* HTTPMethod.swift */; };
		636F535B28C83250008E7B1A /* RefreshTokenRequest.swift in Sources */ = {isa = PBXBuildFile; fileRef = 636F535028C83250008E7B1A /* RefreshTokenRequest.swift */; };
		636F535E28C83250008E7B1A /* StreamsRequest.swift in Sources */ = {isa = PBXBuildFile; fileRef = 636F535328C83250008E7B1A /* StreamsRequest.swift */; };
		636F535F28C83250008E7B1A /* DataRequest.swift in Sources */ = {isa = PBXBuildFile; fileRef = 636F535428C83250008E7B1A /* DataRequest.swift */; };
		636F536028C83250008E7B1A /* AuthenticationRequest.swift in Sources */ = {isa = PBXBuildFile; fileRef = 636F535528C83250008E7B1A /* AuthenticationRequest.swift */; };
		636F536128C83250008E7B1A /* GcoreAPI.swift in Sources */ = {isa = PBXBuildFile; fileRef = 636F535628C83250008E7B1A /* GcoreAPI.swift */; };
		636F536228C83250008E7B1A /* ErrorResponse.swift in Sources */ = {isa = PBXBuildFile; fileRef = 636F535728C83250008E7B1A /* ErrorResponse.swift */; };
		636F536428C832B1008E7B1A /* Tokens.swift in Sources */ = {isa = PBXBuildFile; fileRef = 636F536328C832B1008E7B1A /* Tokens.swift */; };
		636F536628C83422008E7B1A /* Stream.swift in Sources */ = {isa = PBXBuildFile; fileRef = 636F536528C83422008E7B1A /* Stream.swift */; };
		636F536C28C835D6008E7B1A /* Constants.swift in Sources */ = {isa = PBXBuildFile; fileRef = 636F536828C835D6008E7B1A /* Constants.swift */; };
		636F536E28C835D6008E7B1A /* BaseViewController.swift in Sources */ = {isa = PBXBuildFile; fileRef = 636F536B28C835D6008E7B1A /* BaseViewController.swift */; };
		636F537428C83793008E7B1A /* Button.swift in Sources */ = {isa = PBXBuildFile; fileRef = 636F537028C83793008E7B1A /* Button.swift */; };
		636F537528C83793008E7B1A /* TextField.swift in Sources */ = {isa = PBXBuildFile; fileRef = 636F537128C83793008E7B1A /* TextField.swift */; };
		636F537628C83793008E7B1A /* Label.swift in Sources */ = {isa = PBXBuildFile; fileRef = 636F537228C83793008E7B1A /* Label.swift */; };
		636F537728C83793008E7B1A /* EmptyStateView.swift in Sources */ = {isa = PBXBuildFile; fileRef = 636F537328C83793008E7B1A /* EmptyStateView.swift */; };
		636F537C28C837FE008E7B1A /* KeychainAccess in Frameworks */ = {isa = PBXBuildFile; productRef = 636F537B28C837FE008E7B1A /* KeychainAccess */; };
		636F537F28C8380C008E7B1A /* Kingfisher in Frameworks */ = {isa = PBXBuildFile; productRef = 636F537E28C8380C008E7B1A /* Kingfisher */; };
		636F538928C8386A008E7B1A /* StreamViewingCell.swift in Sources */ = {isa = PBXBuildFile; fileRef = 636F538228C8386A008E7B1A /* StreamViewingCell.swift */; };
		636F538A28C8386A008E7B1A /* StreamViewingCell.xib in Resources */ = {isa = PBXBuildFile; fileRef = 636F538328C8386A008E7B1A /* StreamViewingCell.xib */; };
		636F538B28C8386A008E7B1A /* ViewingCollectionFooter.swift in Sources */ = {isa = PBXBuildFile; fileRef = 636F538528C8386A008E7B1A /* ViewingCollectionFooter.swift */; };
		636F538C28C8386A008E7B1A /* ViewingCollectionFooter.xib in Resources */ = {isa = PBXBuildFile; fileRef = 636F538628C8386A008E7B1A /* ViewingCollectionFooter.xib */; };
		636F538D28C8386A008E7B1A /* ViewingView.swift in Sources */ = {isa = PBXBuildFile; fileRef = 636F538728C8386A008E7B1A /* ViewingView.swift */; };
		636F538E28C8386A008E7B1A /* ViewingController.swift in Sources */ = {isa = PBXBuildFile; fileRef = 636F538828C8386A008E7B1A /* ViewingController.swift */; };
		636F539128C838D1008E7B1A /* MainController.swift in Sources */ = {isa = PBXBuildFile; fileRef = 636F539028C838D1008E7B1A /* MainController.swift */; };
		636F539628C83F40008E7B1A /* PlayerController.swift in Sources */ = {isa = PBXBuildFile; fileRef = 636F539528C83F40008E7B1A /* PlayerController.swift */; };
		636F539928C8B937008E7B1A /* SwiftyJSON in Frameworks */ = {isa = PBXBuildFile; productRef = 636F539828C8B937008E7B1A /* SwiftyJSON */; };
		636F539D28C8DFD3008E7B1A /* StreamViewingCellModel.swift in Sources */ = {isa = PBXBuildFile; fileRef = 636F539C28C8DFD3008E7B1A /* StreamViewingCellModel.swift */; };
		63E3220E2971497100D8D801 /* Settings.swift in Sources */ = {isa = PBXBuildFile; fileRef = 63E3220D2971497100D8D801 /* Settings.swift */; };
		6C0D801B275163F600A4E641 /* VideoSettings.swift in Sources */ = {isa = PBXBuildFile; fileRef = 6C0D801A275163F600A4E641 /* VideoSettings.swift */; };
		6C3BF4B02719AFA800981C2C /* AppDelegate.swift in Sources */ = {isa = PBXBuildFile; fileRef = 6C3BF4AF2719AFA800981C2C /* AppDelegate.swift */; };
		6C3BF4B92719AFAC00981C2C /* Assets.xcassets in Resources */ = {isa = PBXBuildFile; fileRef = 6C3BF4B82719AFAC00981C2C /* Assets.xcassets */; };
		6C3BF4BC2719AFAD00981C2C /* LaunchScreen.storyboard in Resources */ = {isa = PBXBuildFile; fileRef = 6C3BF4BA2719AFAD00981C2C /* LaunchScreen.storyboard */; };
/* End PBXBuildFile section */

/* Begin PBXFileReference section */
		6306275728F380DE00AC6C19 /* StreamingController.swift */ = {isa = PBXFileReference; lastKnownFileType = sourcecode.swift; path = StreamingController.swift; sourceTree = "<group>"; };
		6306275928F380ED00AC6C19 /* StreamingView.swift */ = {isa = PBXFileReference; lastKnownFileType = sourcecode.swift; path = StreamingView.swift; sourceTree = "<group>"; };
		6306276528F620BB00AC6C19 /* StreamCaptureView.swift */ = {isa = PBXFileReference; lastKnownFileType = sourcecode.swift; path = StreamCaptureView.swift; sourceTree = "<group>"; };
		6306276728F622A400AC6C19 /* StreamCaptureController.swift */ = {isa = PBXFileReference; lastKnownFileType = sourcecode.swift; path = StreamCaptureController.swift; sourceTree = "<group>"; };
		6306276928F63FE800AC6C19 /* RoundedLabel.swift */ = {isa = PBXFileReference; lastKnownFileType = sourcecode.swift; path = RoundedLabel.swift; sourceTree = "<group>"; };
		630DDE1B27E323BA002AF948 /* HaishinKit.swift */ = {isa = PBXFileReference; lastKnownFileType = wrapper; path = HaishinKit.swift; sourceTree = "<group>"; };
		630DDE1E27E33A3B002AF948 /* RTMPStreamManager.swift */ = {isa = PBXFileReference; lastKnownFileType = sourcecode.swift; path = RTMPStreamManager.swift; sourceTree = "<group>"; };
		633BCC5D28FC5EAA00BE149D /* StreamCaptureView.xib */ = {isa = PBXFileReference; fileEncoding = 4; lastKnownFileType = file.xib; path = StreamCaptureView.xib; sourceTree = "<group>"; };
		633BCC5F28FC5FF600BE149D /* Colors.xcassets */ = {isa = PBXFileReference; lastKnownFileType = folder.assetcatalog; path = Colors.xcassets; sourceTree = "<group>"; };
		633BCC6128FC623E00BE149D /* UIView+Layer.swift */ = {isa = PBXFileReference; lastKnownFileType = sourcecode.swift; path = "UIView+Layer.swift"; sourceTree = "<group>"; };
		633BCC6328FCB9F000BE149D /* UINavigationController+StatusBar.swift */ = {isa = PBXFileReference; lastKnownFileType = sourcecode.swift; path = "UINavigationController+StatusBar.swift"; sourceTree = "<group>"; };
		633BCC6628FCC7F300BE149D /* StreamSettingsController.swift */ = {isa = PBXFileReference; lastKnownFileType = sourcecode.swift; path = StreamSettingsController.swift; sourceTree = "<group>"; };
		633BCC6828FCC7FF00BE149D /* StreamSettingsView.swift */ = {isa = PBXFileReference; lastKnownFileType = sourcecode.swift; path = StreamSettingsView.swift; sourceTree = "<group>"; };
		633BCC6A28FCC88F00BE149D /* StreamSettingsView.xib */ = {isa = PBXFileReference; lastKnownFileType = file.xib; path = StreamSettingsView.xib; sourceTree = "<group>"; };
		633BCC6F28FCD8E800BE149D /* StreamSettingsCell.swift */ = {isa = PBXFileReference; lastKnownFileType = sourcecode.swift; path = StreamSettingsCell.swift; sourceTree = "<group>"; };
		633BCC7028FCD8E800BE149D /* StreamSettingsCell.xib */ = {isa = PBXFileReference; lastKnownFileType = file.xib; path = StreamSettingsCell.xib; sourceTree = "<group>"; };
		633BCC7428FCE69B00BE149D /* StreamSettingsSelectorView.swift */ = {isa = PBXFileReference; lastKnownFileType = sourcecode.swift; path = StreamSettingsSelectorView.swift; sourceTree = "<group>"; };
		633BCC7628FCE6A100BE149D /* StreamSettingsSelectorView.xib */ = {isa = PBXFileReference; lastKnownFileType = file.xib; path = StreamSettingsSelectorView.xib; sourceTree = "<group>"; };
		633BCC7828FCE6AB00BE149D /* StreamSettingsSelectorController.swift */ = {isa = PBXFileReference; lastKnownFileType = sourcecode.swift; path = StreamSettingsSelectorController.swift; sourceTree = "<group>"; };
		633BCC7C28FCFC2100BE149D /* StreamSettingsSelectorCell.swift */ = {isa = PBXFileReference; lastKnownFileType = sourcecode.swift; path = StreamSettingsSelectorCell.swift; sourceTree = "<group>"; };
		633BCC7D28FCFC2100BE149D /* StreamSettingsSelectorCell.xib */ = {isa = PBXFileReference; lastKnownFileType = file.xib; path = StreamSettingsSelectorCell.xib; sourceTree = "<group>"; };
		633BCC8128FD136F00BE149D /* ProfileMainView.swift */ = {isa = PBXFileReference; fileEncoding = 4; lastKnownFileType = sourcecode.swift; path = ProfileMainView.swift; sourceTree = "<group>"; };
		633BCC8228FD136F00BE149D /* ProfileController.swift */ = {isa = PBXFileReference; fileEncoding = 4; lastKnownFileType = sourcecode.swift; path = ProfileController.swift; sourceTree = "<group>"; };
		633BCC8628FD183F00BE149D /* StreamCreateController.swift */ = {isa = PBXFileReference; lastKnownFileType = sourcecode.swift; path = StreamCreateController.swift; sourceTree = "<group>"; };
		633BCC8828FD184F00BE149D /* StreamCreateView.swift */ = {isa = PBXFileReference; lastKnownFileType = sourcecode.swift; path = StreamCreateView.swift; sourceTree = "<group>"; };
		634AAB9B28FD188100ECB59E /* StreamCreateView.xib */ = {isa = PBXFileReference; fileEncoding = 4; lastKnownFileType = file.xib; path = StreamCreateView.xib; sourceTree = "<group>"; };
		634AAB9D28FD1A4F00ECB59E /* UIView+AddContentView.swift */ = {isa = PBXFileReference; lastKnownFileType = sourcecode.swift; path = "UIView+AddContentView.swift"; sourceTree = "<group>"; };
		634AAB9F28FD1DE500ECB59E /* CreateStreamRequest.swift */ = {isa = PBXFileReference; lastKnownFileType = sourcecode.swift; path = CreateStreamRequest.swift; sourceTree = "<group>"; };
		63617DAF28FC57C600CAFBFB /* Icons.xcassets */ = {isa = PBXFileReference; lastKnownFileType = folder.assetcatalog; path = Icons.xcassets; sourceTree = "<group>"; };
		63617DB128FC57D000CAFBFB /* Images.xcassets */ = {isa = PBXFileReference; lastKnownFileType = folder.assetcatalog; path = Images.xcassets; sourceTree = "<group>"; };
		63617DB428FC5D5A00CAFBFB /* UIImage+Icons.swift */ = {isa = PBXFileReference; lastKnownFileType = sourcecode.swift; path = "UIImage+Icons.swift"; sourceTree = "<group>"; };
		63617DB628FC5D6600CAFBFB /* UIImage+Images.swift */ = {isa = PBXFileReference; lastKnownFileType = sourcecode.swift; path = "UIImage+Images.swift"; sourceTree = "<group>"; };
		63617DB928FC5D9200CAFBFB /* UIColor+Colors.swift */ = {isa = PBXFileReference; lastKnownFileType = sourcecode.swift; path = "UIColor+Colors.swift"; sourceTree = "<group>"; };
		636F534328C8321D008E7B1A /* LoginModuleError.swift */ = {isa = PBXFileReference; fileEncoding = 4; lastKnownFileType = sourcecode.swift; path = LoginModuleError.swift; sourceTree = "<group>"; };
		636F534528C8321D008E7B1A /* LoginViewController.swift */ = {isa = PBXFileReference; fileEncoding = 4; lastKnownFileType = sourcecode.swift; path = LoginViewController.swift; sourceTree = "<group>"; };
		636F534728C8321D008E7B1A /* LoginMainView.swift */ = {isa = PBXFileReference; fileEncoding = 4; lastKnownFileType = sourcecode.swift; path = LoginMainView.swift; sourceTree = "<group>"; };
		636F534C28C83250008E7B1A /* HTTPCommunicator.swift */ = {isa = PBXFileReference; fileEncoding = 4; lastKnownFileType = sourcecode.swift; path = HTTPCommunicator.swift; sourceTree = "<group>"; };
		636F534D28C83250008E7B1A /* HTTPCommunicatable.swift */ = {isa = PBXFileReference; fileEncoding = 4; lastKnownFileType = sourcecode.swift; path = HTTPCommunicatable.swift; sourceTree = "<group>"; };
		636F534E28C83250008E7B1A /* HTTPMethod.swift */ = {isa = PBXFileReference; fileEncoding = 4; lastKnownFileType = sourcecode.swift; path = HTTPMethod.swift; sourceTree = "<group>"; };
		636F535028C83250008E7B1A /* RefreshTokenRequest.swift */ = {isa = PBXFileReference; fileEncoding = 4; lastKnownFileType = sourcecode.swift; path = RefreshTokenRequest.swift; sourceTree = "<group>"; };
		636F535328C83250008E7B1A /* StreamsRequest.swift */ = {isa = PBXFileReference; fileEncoding = 4; lastKnownFileType = sourcecode.swift; path = StreamsRequest.swift; sourceTree = "<group>"; };
		636F535428C83250008E7B1A /* DataRequest.swift */ = {isa = PBXFileReference; fileEncoding = 4; lastKnownFileType = sourcecode.swift; path = DataRequest.swift; sourceTree = "<group>"; };
		636F535528C83250008E7B1A /* AuthenticationRequest.swift */ = {isa = PBXFileReference; fileEncoding = 4; lastKnownFileType = sourcecode.swift; path = AuthenticationRequest.swift; sourceTree = "<group>"; };
		636F535628C83250008E7B1A /* GcoreAPI.swift */ = {isa = PBXFileReference; fileEncoding = 4; lastKnownFileType = sourcecode.swift; path = GcoreAPI.swift; sourceTree = "<group>"; };
		636F535728C83250008E7B1A /* ErrorResponse.swift */ = {isa = PBXFileReference; fileEncoding = 4; lastKnownFileType = sourcecode.swift; path = ErrorResponse.swift; sourceTree = "<group>"; };
		636F536328C832B1008E7B1A /* Tokens.swift */ = {isa = PBXFileReference; lastKnownFileType = sourcecode.swift; path = Tokens.swift; sourceTree = "<group>"; };
		636F536528C83422008E7B1A /* Stream.swift */ = {isa = PBXFileReference; lastKnownFileType = sourcecode.swift; path = Stream.swift; sourceTree = "<group>"; };
		636F536828C835D6008E7B1A /* Constants.swift */ = {isa = PBXFileReference; fileEncoding = 4; lastKnownFileType = sourcecode.swift; path = Constants.swift; sourceTree = "<group>"; };
		636F536B28C835D6008E7B1A /* BaseViewController.swift */ = {isa = PBXFileReference; fileEncoding = 4; lastKnownFileType = sourcecode.swift; path = BaseViewController.swift; sourceTree = "<group>"; };
		636F537028C83793008E7B1A /* Button.swift */ = {isa = PBXFileReference; fileEncoding = 4; lastKnownFileType = sourcecode.swift; path = Button.swift; sourceTree = "<group>"; };
		636F537128C83793008E7B1A /* TextField.swift */ = {isa = PBXFileReference; fileEncoding = 4; lastKnownFileType = sourcecode.swift; path = TextField.swift; sourceTree = "<group>"; };
		636F537228C83793008E7B1A /* Label.swift */ = {isa = PBXFileReference; fileEncoding = 4; lastKnownFileType = sourcecode.swift; path = Label.swift; sourceTree = "<group>"; };
		636F537328C83793008E7B1A /* EmptyStateView.swift */ = {isa = PBXFileReference; fileEncoding = 4; lastKnownFileType = sourcecode.swift; path = EmptyStateView.swift; sourceTree = "<group>"; };
		636F538228C8386A008E7B1A /* StreamViewingCell.swift */ = {isa = PBXFileReference; fileEncoding = 4; lastKnownFileType = sourcecode.swift; path = StreamViewingCell.swift; sourceTree = "<group>"; };
		636F538328C8386A008E7B1A /* StreamViewingCell.xib */ = {isa = PBXFileReference; fileEncoding = 4; lastKnownFileType = file.xib; path = StreamViewingCell.xib; sourceTree = "<group>"; };
		636F538528C8386A008E7B1A /* ViewingCollectionFooter.swift */ = {isa = PBXFileReference; fileEncoding = 4; lastKnownFileType = sourcecode.swift; path = ViewingCollectionFooter.swift; sourceTree = "<group>"; };
		636F538628C8386A008E7B1A /* ViewingCollectionFooter.xib */ = {isa = PBXFileReference; fileEncoding = 4; lastKnownFileType = file.xib; path = ViewingCollectionFooter.xib; sourceTree = "<group>"; };
		636F538728C8386A008E7B1A /* ViewingView.swift */ = {isa = PBXFileReference; fileEncoding = 4; lastKnownFileType = sourcecode.swift; path = ViewingView.swift; sourceTree = "<group>"; };
		636F538828C8386A008E7B1A /* ViewingController.swift */ = {isa = PBXFileReference; fileEncoding = 4; lastKnownFileType = sourcecode.swift; path = ViewingController.swift; sourceTree = "<group>"; };
		636F539028C838D1008E7B1A /* MainController.swift */ = {isa = PBXFileReference; fileEncoding = 4; lastKnownFileType = sourcecode.swift; path = MainController.swift; sourceTree = "<group>"; };
		636F539528C83F40008E7B1A /* PlayerController.swift */ = {isa = PBXFileReference; fileEncoding = 4; lastKnownFileType = sourcecode.swift; path = PlayerController.swift; sourceTree = "<group>"; };
		636F539C28C8DFD3008E7B1A /* StreamViewingCellModel.swift */ = {isa = PBXFileReference; lastKnownFileType = sourcecode.swift; path = StreamViewingCellModel.swift; sourceTree = "<group>"; };
		63E3220D2971497100D8D801 /* Settings.swift */ = {isa = PBXFileReference; fileEncoding = 4; lastKnownFileType = sourcecode.swift; path = Settings.swift; sourceTree = "<group>"; };
		6C0D801A275163F600A4E641 /* VideoSettings.swift */ = {isa = PBXFileReference; lastKnownFileType = sourcecode.swift; path = VideoSettings.swift; sourceTree = "<group>"; };
		6C3BF4AC2719AFA800981C2C /* GсoreStreamsDemo.app */ = {isa = PBXFileReference; explicitFileType = wrapper.application; includeInIndex = 0; path = "GсoreStreamsDemo.app"; sourceTree = BUILT_PRODUCTS_DIR; };
		6C3BF4AF2719AFA800981C2C /* AppDelegate.swift */ = {isa = PBXFileReference; lastKnownFileType = sourcecode.swift; path = AppDelegate.swift; sourceTree = "<group>"; };
		6C3BF4B82719AFAC00981C2C /* Assets.xcassets */ = {isa = PBXFileReference; lastKnownFileType = folder.assetcatalog; path = Assets.xcassets; sourceTree = "<group>"; };
		6C3BF4BB2719AFAD00981C2C /* Base */ = {isa = PBXFileReference; lastKnownFileType = file.storyboard; name = Base; path = Base.lproj/LaunchScreen.storyboard; sourceTree = "<group>"; };
		6C3BF4BD2719AFAD00981C2C /* Info.plist */ = {isa = PBXFileReference; lastKnownFileType = text.plist.xml; path = Info.plist; sourceTree = "<group>"; };
		6C6727DE27BCF049009EBDC4 /* fr */ = {isa = PBXFileReference; lastKnownFileType = text.plist.strings; name = fr; path = fr.lproj/LaunchScreen.strings; sourceTree = "<group>"; };
		6C6727DF27BCF055009EBDC4 /* de */ = {isa = PBXFileReference; lastKnownFileType = text.plist.strings; name = de; path = de.lproj/LaunchScreen.strings; sourceTree = "<group>"; };
		6C6727E027BCF061009EBDC4 /* es */ = {isa = PBXFileReference; lastKnownFileType = text.plist.strings; name = es; path = es.lproj/LaunchScreen.strings; sourceTree = "<group>"; };
/* End PBXFileReference section */

/* Begin PBXFrameworksBuildPhase section */
		6C3BF4A92719AFA800981C2C /* Frameworks */ = {
			isa = PBXFrameworksBuildPhase;
			buildActionMask = 2147483647;
			files = (
				636F537F28C8380C008E7B1A /* Kingfisher in Frameworks */,
				636F537C28C837FE008E7B1A /* KeychainAccess in Frameworks */,
				636F539928C8B937008E7B1A /* SwiftyJSON in Frameworks */,
				630DDE1D27E323BF002AF948 /* HaishinKit in Frameworks */,
			);
			runOnlyForDeploymentPostprocessing = 0;
		};
/* End PBXFrameworksBuildPhase section */

/* Begin PBXGroup section */
		6306276428F6208E00AC6C19 /* StreamCapture */ = {
			isa = PBXGroup;
			children = (
				63617DBD28FC5E7800CAFBFB /* StreamCaptureView */,
				6306276728F622A400AC6C19 /* StreamCaptureController.swift */,
			);
			path = StreamCapture;
			sourceTree = "<group>";
		};
		63076BA428EDA8A000D781B0 /* Streaming */ = {
			isa = PBXGroup;
			children = (
				6306275728F380DE00AC6C19 /* StreamingController.swift */,
				6306275928F380ED00AC6C19 /* StreamingView.swift */,
			);
			path = Streaming;
			sourceTree = "<group>";
		};
		633BCC6528FCC7D700BE149D /* StreamSettings */ = {
			isa = PBXGroup;
			children = (
				633BCC6C28FCD25700BE149D /* StreamSettingsView */,
				633BCC6628FCC7F300BE149D /* StreamSettingsController.swift */,
			);
			path = StreamSettings;
			sourceTree = "<group>";
		};
		633BCC6C28FCD25700BE149D /* StreamSettingsView */ = {
			isa = PBXGroup;
			children = (
				633BCC6E28FCD8D500BE149D /* StreamSettingsCell */,
				633BCC6828FCC7FF00BE149D /* StreamSettingsView.swift */,
				633BCC6A28FCC88F00BE149D /* StreamSettingsView.xib */,
			);
			path = StreamSettingsView;
			sourceTree = "<group>";
		};
		633BCC6D28FCD28600BE149D /* Streaming */ = {
			isa = PBXGroup;
			children = (
				633BCC8528FD182200BE149D /* StreamCreate */,
				633BCC7328FCE67C00BE149D /* StreamSettingsSelector */,
				633BCC6528FCC7D700BE149D /* StreamSettings */,
				6306276428F6208E00AC6C19 /* StreamCapture */,
				63076BA428EDA8A000D781B0 /* Streaming */,
			);
			path = Streaming;
			sourceTree = "<group>";
		};
		633BCC6E28FCD8D500BE149D /* StreamSettingsCell */ = {
			isa = PBXGroup;
			children = (
				633BCC6F28FCD8E800BE149D /* StreamSettingsCell.swift */,
				633BCC7028FCD8E800BE149D /* StreamSettingsCell.xib */,
			);
			path = StreamSettingsCell;
			sourceTree = "<group>";
		};
		633BCC7328FCE67C00BE149D /* StreamSettingsSelector */ = {
			isa = PBXGroup;
			children = (
				633BCC7B28FCFC0B00BE149D /* StreamSettingsSelectorCell */,
				633BCC7A28FCF22200BE149D /* StreamSettingsSelectorView */,
				633BCC7828FCE6AB00BE149D /* StreamSettingsSelectorController.swift */,
			);
			path = StreamSettingsSelector;
			sourceTree = "<group>";
		};
		633BCC7A28FCF22200BE149D /* StreamSettingsSelectorView */ = {
			isa = PBXGroup;
			children = (
				633BCC7428FCE69B00BE149D /* StreamSettingsSelectorView.swift */,
				633BCC7628FCE6A100BE149D /* StreamSettingsSelectorView.xib */,
			);
			path = StreamSettingsSelectorView;
			sourceTree = "<group>";
		};
		633BCC7B28FCFC0B00BE149D /* StreamSettingsSelectorCell */ = {
			isa = PBXGroup;
			children = (
				633BCC7C28FCFC2100BE149D /* StreamSettingsSelectorCell.swift */,
				633BCC7D28FCFC2100BE149D /* StreamSettingsSelectorCell.xib */,
			);
			path = StreamSettingsSelectorCell;
			sourceTree = "<group>";
		};
		633BCC8028FD136F00BE149D /* Profile */ = {
			isa = PBXGroup;
			children = (
				633BCC8128FD136F00BE149D /* ProfileMainView.swift */,
				633BCC8228FD136F00BE149D /* ProfileController.swift */,
			);
			path = Profile;
			sourceTree = "<group>";
		};
		633BCC8528FD182200BE149D /* StreamCreate */ = {
			isa = PBXGroup;
			children = (
				633BCC8628FD183F00BE149D /* StreamCreateController.swift */,
				633BCC8C28FD185800BE149D /* StreamCreateView */,
			);
			path = StreamCreate;
			sourceTree = "<group>";
		};
		633BCC8C28FD185800BE149D /* StreamCreateView */ = {
			isa = PBXGroup;
			children = (
				634AAB9B28FD188100ECB59E /* StreamCreateView.xib */,
				633BCC8828FD184F00BE149D /* StreamCreateView.swift */,
			);
			path = StreamCreateView;
			sourceTree = "<group>";
		};
		63617DB328FC5D3F00CAFBFB /* Extensions */ = {
			isa = PBXGroup;
			children = (
				63617DB828FC5D8100CAFBFB /* UIImage */,
				63617DB928FC5D9200CAFBFB /* UIColor+Colors.swift */,
				633BCC6128FC623E00BE149D /* UIView+Layer.swift */,
				633BCC6328FCB9F000BE149D /* UINavigationController+StatusBar.swift */,
				634AAB9D28FD1A4F00ECB59E /* UIView+AddContentView.swift */,
			);
			path = Extensions;
			sourceTree = "<group>";
		};
		63617DB828FC5D8100CAFBFB /* UIImage */ = {
			isa = PBXGroup;
			children = (
				63617DB428FC5D5A00CAFBFB /* UIImage+Icons.swift */,
				63617DB628FC5D6600CAFBFB /* UIImage+Images.swift */,
			);
			path = UIImage;
			sourceTree = "<group>";
		};
		63617DBD28FC5E7800CAFBFB /* StreamCaptureView */ = {
			isa = PBXGroup;
			children = (
				6306276528F620BB00AC6C19 /* StreamCaptureView.swift */,
				633BCC5D28FC5EAA00BE149D /* StreamCaptureView.xib */,
			);
			path = StreamCaptureView;
			sourceTree = "<group>";
		};
		636F532028C83006008E7B1A /* Modules */ = {
			isa = PBXGroup;
			children = (
				633BCC6D28FCD28600BE149D /* Streaming */,
				636F539428C83F40008E7B1A /* Player */,
				636F538F28C838D1008E7B1A /* Main */,
				636F538028C8386A008E7B1A /* Viewing */,
				633BCC8028FD136F00BE149D /* Profile */,
				636F534228C8321D008E7B1A /* Login */,
			);
			path = Modules;
			sourceTree = "<group>";
		};
		636F534228C8321D008E7B1A /* Login */ = {
			isa = PBXGroup;
			children = (
				636F534328C8321D008E7B1A /* LoginModuleError.swift */,
				636F534428C8321D008E7B1A /* Controller */,
				636F534628C8321D008E7B1A /* View */,
			);
			path = Login;
			sourceTree = "<group>";
		};
		636F534428C8321D008E7B1A /* Controller */ = {
			isa = PBXGroup;
			children = (
				636F534528C8321D008E7B1A /* LoginViewController.swift */,
			);
			path = Controller;
			sourceTree = "<group>";
		};
		636F534628C8321D008E7B1A /* View */ = {
			isa = PBXGroup;
			children = (
				636F534728C8321D008E7B1A /* LoginMainView.swift */,
			);
			path = View;
			sourceTree = "<group>";
		};
		636F534B28C83250008E7B1A /* Network */ = {
			isa = PBXGroup;
			children = (
				636F534C28C83250008E7B1A /* HTTPCommunicator.swift */,
				636F534D28C83250008E7B1A /* HTTPCommunicatable.swift */,
				636F534E28C83250008E7B1A /* HTTPMethod.swift */,
				636F534F28C83250008E7B1A /* Requests */,
				636F535628C83250008E7B1A /* GcoreAPI.swift */,
				636F535728C83250008E7B1A /* ErrorResponse.swift */,
			);
			path = Network;
			sourceTree = "<group>";
		};
		636F534F28C83250008E7B1A /* Requests */ = {
			isa = PBXGroup;
			children = (
				636F535028C83250008E7B1A /* RefreshTokenRequest.swift */,
				636F535328C83250008E7B1A /* StreamsRequest.swift */,
				636F535428C83250008E7B1A /* DataRequest.swift */,
				636F535528C83250008E7B1A /* AuthenticationRequest.swift */,
				634AAB9F28FD1DE500ECB59E /* CreateStreamRequest.swift */,
			);
			path = Requests;
			sourceTree = "<group>";
		};
		636F536728C835B6008E7B1A /* Core */ = {
			isa = PBXGroup;
			children = (
				63617DB328FC5D3F00CAFBFB /* Extensions */,
				636F536F28C83776008E7B1A /* UI */,
				636F536828C835D6008E7B1A /* Constants.swift */,
				636F536A28C835D6008E7B1A /* ViewControllers */,
			);
			path = Core;
			sourceTree = "<group>";
		};
		636F536A28C835D6008E7B1A /* ViewControllers */ = {
			isa = PBXGroup;
			children = (
				636F536B28C835D6008E7B1A /* BaseViewController.swift */,
			);
			path = ViewControllers;
			sourceTree = "<group>";
		};
		636F536F28C83776008E7B1A /* UI */ = {
			isa = PBXGroup;
			children = (
				636F537028C83793008E7B1A /* Button.swift */,
				636F537328C83793008E7B1A /* EmptyStateView.swift */,
				636F537228C83793008E7B1A /* Label.swift */,
				636F537128C83793008E7B1A /* TextField.swift */,
				6306276928F63FE800AC6C19 /* RoundedLabel.swift */,
			);
			path = UI;
			sourceTree = "<group>";
		};
		636F538028C8386A008E7B1A /* Viewing */ = {
			isa = PBXGroup;
			children = (
				636F538128C8386A008E7B1A /* Collection */,
				636F538728C8386A008E7B1A /* ViewingView.swift */,
				636F538828C8386A008E7B1A /* ViewingController.swift */,
			);
			path = Viewing;
			sourceTree = "<group>";
		};
		636F538128C8386A008E7B1A /* Collection */ = {
			isa = PBXGroup;
			children = (
				636F539C28C8DFD3008E7B1A /* StreamViewingCellModel.swift */,
				636F538228C8386A008E7B1A /* StreamViewingCell.swift */,
				636F538328C8386A008E7B1A /* StreamViewingCell.xib */,
				636F538428C8386A008E7B1A /* Footer */,
			);
			path = Collection;
			sourceTree = "<group>";
		};
		636F538428C8386A008E7B1A /* Footer */ = {
			isa = PBXGroup;
			children = (
				636F538528C8386A008E7B1A /* ViewingCollectionFooter.swift */,
				636F538628C8386A008E7B1A /* ViewingCollectionFooter.xib */,
			);
			path = Footer;
			sourceTree = "<group>";
		};
		636F538F28C838D1008E7B1A /* Main */ = {
			isa = PBXGroup;
			children = (
				636F539028C838D1008E7B1A /* MainController.swift */,
			);
			path = Main;
			sourceTree = "<group>";
		};
		636F539428C83F40008E7B1A /* Player */ = {
			isa = PBXGroup;
			children = (
				636F539528C83F40008E7B1A /* PlayerController.swift */,
			);
			path = Player;
			sourceTree = "<group>";
		};
		6C0D80192751638300A4E641 /* Media */ = {
			isa = PBXGroup;
			children = (
				6C0D801A275163F600A4E641 /* VideoSettings.swift */,
				630DDE1E27E33A3B002AF948 /* RTMPStreamManager.swift */,
			);
			path = Media;
			sourceTree = "<group>";
		};
		6C3BF4A32719AFA800981C2C = {
			isa = PBXGroup;
			children = (
				6C3BF4AE2719AFA800981C2C /* GсoreStreamsDemo */,
				6C3BF4AD2719AFA800981C2C /* Products */,
				6CEB3B6F27877DDC00576AEA /* Frameworks */,
			);
			sourceTree = "<group>";
		};
		6C3BF4AD2719AFA800981C2C /* Products */ = {
			isa = PBXGroup;
			children = (
				6C3BF4AC2719AFA800981C2C /* GсoreStreamsDemo.app */,
			);
			name = Products;
			sourceTree = "<group>";
		};
		6C3BF4AE2719AFA800981C2C /* GсoreStreamsDemo */ = {
			isa = PBXGroup;
			children = (
				63E3220D2971497100D8D801 /* Settings.swift */,
				636F536728C835B6008E7B1A /* Core */,
				636F532028C83006008E7B1A /* Modules */,
				6C3BF4C32719B1E500981C2C /* OtherFiles */,
				6C0D80192751638300A4E641 /* Media */,
				6C3BF4C72719B33600981C2C /* Model */,
				636F534B28C83250008E7B1A /* Network */,
			);
			path = "GсoreStreamsDemo";
			sourceTree = "<group>";
		};
		6C3BF4C32719B1E500981C2C /* OtherFiles */ = {
			isa = PBXGroup;
			children = (
				6C3BF4AF2719AFA800981C2C /* AppDelegate.swift */,
				6C3BF4B82719AFAC00981C2C /* Assets.xcassets */,
				6C3BF4BA2719AFAD00981C2C /* LaunchScreen.storyboard */,
				6C3BF4BD2719AFAD00981C2C /* Info.plist */,
				63617DAF28FC57C600CAFBFB /* Icons.xcassets */,
				63617DB128FC57D000CAFBFB /* Images.xcassets */,
				633BCC5F28FC5FF600BE149D /* Colors.xcassets */,
			);
			path = OtherFiles;
			sourceTree = "<group>";
		};
		6C3BF4C72719B33600981C2C /* Model */ = {
			isa = PBXGroup;
			children = (
				636F536328C832B1008E7B1A /* Tokens.swift */,
				636F536528C83422008E7B1A /* Stream.swift */,
			);
			path = Model;
			sourceTree = "<group>";
		};
		6CEB3B6F27877DDC00576AEA /* Frameworks */ = {
			isa = PBXGroup;
			children = (
				630DDE1B27E323BA002AF948 /* HaishinKit.swift */,
			);
			name = Frameworks;
			sourceTree = "<group>";
		};
/* End PBXGroup section */

/* Begin PBXNativeTarget section */
		6C3BF4AB2719AFA800981C2C /* GсoreStreamsDemo */ = {
			isa = PBXNativeTarget;
			buildConfigurationList = 6C3BF4C02719AFAD00981C2C /* Build configuration list for PBXNativeTarget "GсoreStreamsDemo" */;
			buildPhases = (
				6C3BF4A82719AFA800981C2C /* Sources */,
				6C3BF4A92719AFA800981C2C /* Frameworks */,
				6C3BF4AA2719AFA800981C2C /* Resources */,
			);
			buildRules = (
			);
			dependencies = (
			);
			name = "GсoreStreamsDemo";
			packageProductDependencies = (
				630DDE1C27E323BF002AF948 /* HaishinKit */,
				636F537B28C837FE008E7B1A /* KeychainAccess */,
				636F537E28C8380C008E7B1A /* Kingfisher */,
				636F539828C8B937008E7B1A /* SwiftyJSON */,
			);
			productName = GCoreLabsDemoTwo;
			productReference = 6C3BF4AC2719AFA800981C2C /* GсoreStreamsDemo.app */;
			productType = "com.apple.product-type.application";
		};
/* End PBXNativeTarget section */

/* Begin PBXProject section */
		6C3BF4A42719AFA800981C2C /* Project object */ = {
			isa = PBXProject;
			attributes = {
				LastSwiftUpdateCheck = 1250;
				LastUpgradeCheck = 1250;
				TargetAttributes = {
					6C3BF4AB2719AFA800981C2C = {
						CreatedOnToolsVersion = 12.5;
					};
				};
			};
			buildConfigurationList = 6C3BF4A72719AFA800981C2C /* Build configuration list for PBXProject "GсoreStreamsDemo" */;
			compatibilityVersion = "Xcode 9.3";
			developmentRegion = en;
			hasScannedForEncodings = 0;
			knownRegions = (
				en,
				Base,
				fr,
				de,
				es,
			);
			mainGroup = 6C3BF4A32719AFA800981C2C;
			packageReferences = (
				636F537A28C837FE008E7B1A /* XCRemoteSwiftPackageReference "KeychainAccess" */,
				636F537D28C8380C008E7B1A /* XCRemoteSwiftPackageReference "Kingfisher" */,
				636F539728C8B937008E7B1A /* XCRemoteSwiftPackageReference "SwiftyJSON" */,
			);
			productRefGroup = 6C3BF4AD2719AFA800981C2C /* Products */;
			projectDirPath = "";
			projectRoot = "";
			targets = (
				6C3BF4AB2719AFA800981C2C /* GсoreStreamsDemo */,
			);
		};
/* End PBXProject section */

/* Begin PBXResourcesBuildPhase section */
		6C3BF4AA2719AFA800981C2C /* Resources */ = {
			isa = PBXResourcesBuildPhase;
			buildActionMask = 2147483647;
			files = (
				6C3BF4BC2719AFAD00981C2C /* LaunchScreen.storyboard in Resources */,
				633BCC6B28FCC88F00BE149D /* StreamSettingsView.xib in Resources */,
				633BCC5E28FC5EAA00BE149D /* StreamCaptureView.xib in Resources */,
				636F538A28C8386A008E7B1A /* StreamViewingCell.xib in Resources */,
				633BCC7228FCD8E800BE149D /* StreamSettingsCell.xib in Resources */,
				6C3BF4B92719AFAC00981C2C /* Assets.xcassets in Resources */,
				63617DB028FC57C600CAFBFB /* Icons.xcassets in Resources */,
				634AAB9C28FD188100ECB59E /* StreamCreateView.xib in Resources */,
				63617DB228FC57D000CAFBFB /* Images.xcassets in Resources */,
				633BCC7F28FCFC2100BE149D /* StreamSettingsSelectorCell.xib in Resources */,
				633BCC7728FCE6A100BE149D /* StreamSettingsSelectorView.xib in Resources */,
				633BCC6028FC5FF600BE149D /* Colors.xcassets in Resources */,
				636F538C28C8386A008E7B1A /* ViewingCollectionFooter.xib in Resources */,
			);
			runOnlyForDeploymentPostprocessing = 0;
		};
/* End PBXResourcesBuildPhase section */

/* Begin PBXSourcesBuildPhase section */
		6C3BF4A82719AFA800981C2C /* Sources */ = {
			isa = PBXSourcesBuildPhase;
			buildActionMask = 2147483647;
			files = (
				633BCC6928FCC7FF00BE149D /* StreamSettingsView.swift in Sources */,
				636F535B28C83250008E7B1A /* RefreshTokenRequest.swift in Sources */,
				633BCC6428FCB9F000BE149D /* UINavigationController+StatusBar.swift in Sources */,
				636F539128C838D1008E7B1A /* MainController.swift in Sources */,
				636F537428C83793008E7B1A /* Button.swift in Sources */,
				633BCC7528FCE69B00BE149D /* StreamSettingsSelectorView.swift in Sources */,
				636F534828C8321D008E7B1A /* LoginModuleError.swift in Sources */,
				636F538E28C8386A008E7B1A /* ViewingController.swift in Sources */,
				636F536128C83250008E7B1A /* GcoreAPI.swift in Sources */,
				636F536028C83250008E7B1A /* AuthenticationRequest.swift in Sources */,
				6306275A28F380ED00AC6C19 /* StreamingView.swift in Sources */,
				63E3220E2971497100D8D801 /* Settings.swift in Sources */,
				633BCC7128FCD8E800BE149D /* StreamSettingsCell.swift in Sources */,
				636F534A28C8321D008E7B1A /* LoginMainView.swift in Sources */,
				633BCC6228FC623E00BE149D /* UIView+Layer.swift in Sources */,
				636F537728C83793008E7B1A /* EmptyStateView.swift in Sources */,
				636F535F28C83250008E7B1A /* DataRequest.swift in Sources */,
				636F537528C83793008E7B1A /* TextField.swift in Sources */,
				630DDE1F27E33A3B002AF948 /* RTMPStreamManager.swift in Sources */,
				636F535928C83250008E7B1A /* HTTPCommunicatable.swift in Sources */,
				6306276A28F63FE800AC6C19 /* RoundedLabel.swift in Sources */,
				634AAB9E28FD1A4F00ECB59E /* UIView+AddContentView.swift in Sources */,
				636F536228C83250008E7B1A /* ErrorResponse.swift in Sources */,
				6306276828F622A400AC6C19 /* StreamCaptureController.swift in Sources */,
				636F535828C83250008E7B1A /* HTTPCommunicator.swift in Sources */,
				633BCC8428FD136F00BE149D /* ProfileController.swift in Sources */,
				6C3BF4B02719AFA800981C2C /* AppDelegate.swift in Sources */,
				636F536E28C835D6008E7B1A /* BaseViewController.swift in Sources */,
				633BCC7E28FCFC2100BE149D /* StreamSettingsSelectorCell.swift in Sources */,
				636F539628C83F40008E7B1A /* PlayerController.swift in Sources */,
				6C0D801B275163F600A4E641 /* VideoSettings.swift in Sources */,
				633BCC6728FCC7F300BE149D /* StreamSettingsController.swift in Sources */,
				633BCC8928FD184F00BE149D /* StreamCreateView.swift in Sources */,
				636F535E28C83250008E7B1A /* StreamsRequest.swift in Sources */,
				6306276628F620BB00AC6C19 /* StreamCaptureView.swift in Sources */,
				636F534928C8321D008E7B1A /* LoginViewController.swift in Sources */,
				634AABA028FD1DE500ECB59E /* CreateStreamRequest.swift in Sources */,
				636F538928C8386A008E7B1A /* StreamViewingCell.swift in Sources */,
				636F536628C83422008E7B1A /* Stream.swift in Sources */,
				633BCC7928FCE6AB00BE149D /* StreamSettingsSelectorController.swift in Sources */,
				636F536428C832B1008E7B1A /* Tokens.swift in Sources */,
				633BCC8728FD183F00BE149D /* StreamCreateController.swift in Sources */,
				63617DBA28FC5D9200CAFBFB /* UIColor+Colors.swift in Sources */,
				636F538D28C8386A008E7B1A /* ViewingView.swift in Sources */,
				633BCC8328FD136F00BE149D /* ProfileMainView.swift in Sources */,
				636F535A28C83250008E7B1A /* HTTPMethod.swift in Sources */,
				6306275828F380DE00AC6C19 /* StreamingController.swift in Sources */,
				636F538B28C8386A008E7B1A /* ViewingCollectionFooter.swift in Sources */,
				636F539D28C8DFD3008E7B1A /* StreamViewingCellModel.swift in Sources */,
				636F537628C83793008E7B1A /* Label.swift in Sources */,
				63617DB528FC5D5A00CAFBFB /* UIImage+Icons.swift in Sources */,
				636F536C28C835D6008E7B1A /* Constants.swift in Sources */,
				63617DB728FC5D6600CAFBFB /* UIImage+Images.swift in Sources */,
			);
			runOnlyForDeploymentPostprocessing = 0;
		};
/* End PBXSourcesBuildPhase section */

/* Begin PBXVariantGroup section */
		6C3BF4BA2719AFAD00981C2C /* LaunchScreen.storyboard */ = {
			isa = PBXVariantGroup;
			children = (
				6C3BF4BB2719AFAD00981C2C /* Base */,
				6C6727DE27BCF049009EBDC4 /* fr */,
				6C6727DF27BCF055009EBDC4 /* de */,
				6C6727E027BCF061009EBDC4 /* es */,
			);
			name = LaunchScreen.storyboard;
			sourceTree = "<group>";
		};
/* End PBXVariantGroup section */

/* Begin XCBuildConfiguration section */
		6C3BF4BE2719AFAD00981C2C /* Debug */ = {
			isa = XCBuildConfiguration;
			buildSettings = {
				ALWAYS_SEARCH_USER_PATHS = NO;
				CLANG_ANALYZER_LOCALIZABILITY_NONLOCALIZED = YES;
				CLANG_ANALYZER_NONNULL = YES;
				CLANG_ANALYZER_NUMBER_OBJECT_CONVERSION = YES_AGGRESSIVE;
				CLANG_CXX_LANGUAGE_STANDARD = "gnu++14";
				CLANG_CXX_LIBRARY = "libc++";
				CLANG_ENABLE_MODULES = YES;
				CLANG_ENABLE_OBJC_ARC = YES;
				CLANG_ENABLE_OBJC_WEAK = YES;
				CLANG_WARN_BLOCK_CAPTURE_AUTORELEASING = YES;
				CLANG_WARN_BOOL_CONVERSION = YES;
				CLANG_WARN_COMMA = YES;
				CLANG_WARN_CONSTANT_CONVERSION = YES;
				CLANG_WARN_DEPRECATED_OBJC_IMPLEMENTATIONS = YES;
				CLANG_WARN_DIRECT_OBJC_ISA_USAGE = YES_ERROR;
				CLANG_WARN_DOCUMENTATION_COMMENTS = YES;
				CLANG_WARN_EMPTY_BODY = YES;
				CLANG_WARN_ENUM_CONVERSION = YES;
				CLANG_WARN_INFINITE_RECURSION = YES;
				CLANG_WARN_INT_CONVERSION = YES;
				CLANG_WARN_NON_LITERAL_NULL_CONVERSION = YES;
				CLANG_WARN_OBJC_IMPLICIT_RETAIN_SELF = YES;
				CLANG_WARN_OBJC_LITERAL_CONVERSION = YES;
				CLANG_WARN_OBJC_ROOT_CLASS = YES_ERROR;
				CLANG_WARN_QUOTED_INCLUDE_IN_FRAMEWORK_HEADER = YES;
				CLANG_WARN_RANGE_LOOP_ANALYSIS = YES;
				CLANG_WARN_STRICT_PROTOTYPES = YES;
				CLANG_WARN_SUSPICIOUS_MOVE = YES;
				CLANG_WARN_UNGUARDED_AVAILABILITY = YES_AGGRESSIVE;
				CLANG_WARN_UNREACHABLE_CODE = YES;
				CLANG_WARN__DUPLICATE_METHOD_MATCH = YES;
				COPY_PHASE_STRIP = NO;
				DEBUG_INFORMATION_FORMAT = dwarf;
				ENABLE_STRICT_OBJC_MSGSEND = YES;
				ENABLE_TESTABILITY = YES;
				GCC_C_LANGUAGE_STANDARD = gnu11;
				GCC_DYNAMIC_NO_PIC = NO;
				GCC_NO_COMMON_BLOCKS = YES;
				GCC_OPTIMIZATION_LEVEL = 0;
				GCC_PREPROCESSOR_DEFINITIONS = (
					"DEBUG=1",
					"$(inherited)",
				);
				GCC_WARN_64_TO_32_BIT_CONVERSION = YES;
				GCC_WARN_ABOUT_RETURN_TYPE = YES_ERROR;
				GCC_WARN_UNDECLARED_SELECTOR = YES;
				GCC_WARN_UNINITIALIZED_AUTOS = YES_AGGRESSIVE;
				GCC_WARN_UNUSED_FUNCTION = YES;
				GCC_WARN_UNUSED_VARIABLE = YES;
				IPHONEOS_DEPLOYMENT_TARGET = 12.1;
				MTL_ENABLE_DEBUG_INFO = INCLUDE_SOURCE;
				MTL_FAST_MATH = YES;
				ONLY_ACTIVE_ARCH = YES;
				SDKROOT = iphoneos;
				SWIFT_ACTIVE_COMPILATION_CONDITIONS = DEBUG;
				SWIFT_OPTIMIZATION_LEVEL = "-Onone";
			};
			name = Debug;
		};
		6C3BF4BF2719AFAD00981C2C /* Release */ = {
			isa = XCBuildConfiguration;
			buildSettings = {
				ALWAYS_SEARCH_USER_PATHS = NO;
				CLANG_ANALYZER_LOCALIZABILITY_NONLOCALIZED = YES;
				CLANG_ANALYZER_NONNULL = YES;
				CLANG_ANALYZER_NUMBER_OBJECT_CONVERSION = YES_AGGRESSIVE;
				CLANG_CXX_LANGUAGE_STANDARD = "gnu++14";
				CLANG_CXX_LIBRARY = "libc++";
				CLANG_ENABLE_MODULES = YES;
				CLANG_ENABLE_OBJC_ARC = YES;
				CLANG_ENABLE_OBJC_WEAK = YES;
				CLANG_WARN_BLOCK_CAPTURE_AUTORELEASING = YES;
				CLANG_WARN_BOOL_CONVERSION = YES;
				CLANG_WARN_COMMA = YES;
				CLANG_WARN_CONSTANT_CONVERSION = YES;
				CLANG_WARN_DEPRECATED_OBJC_IMPLEMENTATIONS = YES;
				CLANG_WARN_DIRECT_OBJC_ISA_USAGE = YES_ERROR;
				CLANG_WARN_DOCUMENTATION_COMMENTS = YES;
				CLANG_WARN_EMPTY_BODY = YES;
				CLANG_WARN_ENUM_CONVERSION = YES;
				CLANG_WARN_INFINITE_RECURSION = YES;
				CLANG_WARN_INT_CONVERSION = YES;
				CLANG_WARN_NON_LITERAL_NULL_CONVERSION = YES;
				CLANG_WARN_OBJC_IMPLICIT_RETAIN_SELF = YES;
				CLANG_WARN_OBJC_LITERAL_CONVERSION = YES;
				CLANG_WARN_OBJC_ROOT_CLASS = YES_ERROR;
				CLANG_WARN_QUOTED_INCLUDE_IN_FRAMEWORK_HEADER = YES;
				CLANG_WARN_RANGE_LOOP_ANALYSIS = YES;
				CLANG_WARN_STRICT_PROTOTYPES = YES;
				CLANG_WARN_SUSPICIOUS_MOVE = YES;
				CLANG_WARN_UNGUARDED_AVAILABILITY = YES_AGGRESSIVE;
				CLANG_WARN_UNREACHABLE_CODE = YES;
				CLANG_WARN__DUPLICATE_METHOD_MATCH = YES;
				COPY_PHASE_STRIP = NO;
				DEBUG_INFORMATION_FORMAT = "dwarf-with-dsym";
				ENABLE_NS_ASSERTIONS = NO;
				ENABLE_STRICT_OBJC_MSGSEND = YES;
				GCC_C_LANGUAGE_STANDARD = gnu11;
				GCC_NO_COMMON_BLOCKS = YES;
				GCC_WARN_64_TO_32_BIT_CONVERSION = YES;
				GCC_WARN_ABOUT_RETURN_TYPE = YES_ERROR;
				GCC_WARN_UNDECLARED_SELECTOR = YES;
				GCC_WARN_UNINITIALIZED_AUTOS = YES_AGGRESSIVE;
				GCC_WARN_UNUSED_FUNCTION = YES;
				GCC_WARN_UNUSED_VARIABLE = YES;
				IPHONEOS_DEPLOYMENT_TARGET = 12.1;
				MTL_ENABLE_DEBUG_INFO = NO;
				MTL_FAST_MATH = YES;
				SDKROOT = iphoneos;
				SWIFT_COMPILATION_MODE = wholemodule;
				SWIFT_OPTIMIZATION_LEVEL = "-O";
				VALIDATE_PRODUCT = YES;
			};
			name = Release;
		};
		6C3BF4C12719AFAD00981C2C /* Debug */ = {
			isa = XCBuildConfiguration;
			buildSettings = {
				ASSETCATALOG_COMPILER_APPICON_NAME = AppIcon;
				ASSETCATALOG_COMPILER_GLOBAL_ACCENT_COLOR_NAME = AccentColor;
				CODE_SIGN_STYLE = Automatic;
				DEVELOPMENT_TEAM = H667QRM4K6;
				INFOPLIST_FILE = "GсoreStreamsDemo/OtherFiles/Info.plist";
				IPHONEOS_DEPLOYMENT_TARGET = 12.1;
				LD_RUNPATH_SEARCH_PATHS = (
					"$(inherited)",
					"@executable_path/Frameworks",
				);
				PRODUCT_BUNDLE_IDENTIFIER = EvgenPol.GcoreStreamsDemo;
				PRODUCT_NAME = "$(TARGET_NAME)";
				SWIFT_VERSION = 5.0;
				TARGETED_DEVICE_FAMILY = 1;
			};
			name = Debug;
		};
		6C3BF4C22719AFAD00981C2C /* Release */ = {
			isa = XCBuildConfiguration;
			buildSettings = {
				ASSETCATALOG_COMPILER_APPICON_NAME = AppIcon;
				ASSETCATALOG_COMPILER_GLOBAL_ACCENT_COLOR_NAME = AccentColor;
				CODE_SIGN_STYLE = Automatic;
				DEVELOPMENT_TEAM = H667QRM4K6;
				INFOPLIST_FILE = "GсoreStreamsDemo/OtherFiles/Info.plist";
				IPHONEOS_DEPLOYMENT_TARGET = 12.1;
				LD_RUNPATH_SEARCH_PATHS = (
					"$(inherited)",
					"@executable_path/Frameworks",
				);
				PRODUCT_BUNDLE_IDENTIFIER = EvgenPol.GcoreStreamsDemo;
				PRODUCT_NAME = "$(TARGET_NAME)";
				SWIFT_VERSION = 5.0;
				TARGETED_DEVICE_FAMILY = 1;
			};
			name = Release;
		};
/* End XCBuildConfiguration section */

/* Begin XCConfigurationList section */
		6C3BF4A72719AFA800981C2C /* Build configuration list for PBXProject "GсoreStreamsDemo" */ = {
			isa = XCConfigurationList;
			buildConfigurations = (
				6C3BF4BE2719AFAD00981C2C /* Debug */,
				6C3BF4BF2719AFAD00981C2C /* Release */,
			);
			defaultConfigurationIsVisible = 0;
			defaultConfigurationName = Release;
		};
		6C3BF4C02719AFAD00981C2C /* Build configuration list for PBXNativeTarget "GсoreStreamsDemo" */ = {
			isa = XCConfigurationList;
			buildConfigurations = (
				6C3BF4C12719AFAD00981C2C /* Debug */,
				6C3BF4C22719AFAD00981C2C /* Release */,
			);
			defaultConfigurationIsVisible = 0;
			defaultConfigurationName = Release;
		};
/* End XCConfigurationList section */

/* Begin XCRemoteSwiftPackageReference section */
		636F537A28C837FE008E7B1A /* XCRemoteSwiftPackageReference "KeychainAccess" */ = {
			isa = XCRemoteSwiftPackageReference;
			repositoryURL = "https://github.com/kishikawakatsumi/KeychainAccess.git";
			requirement = {
				branch = master;
				kind = branch;
			};
		};
		636F537D28C8380C008E7B1A /* XCRemoteSwiftPackageReference "Kingfisher" */ = {
			isa = XCRemoteSwiftPackageReference;
			repositoryURL = "https://github.com/onevcat/Kingfisher";
			requirement = {
				branch = master;
				kind = branch;
			};
		};
		636F539728C8B937008E7B1A /* XCRemoteSwiftPackageReference "SwiftyJSON" */ = {
			isa = XCRemoteSwiftPackageReference;
			repositoryURL = "https://github.com/SwiftyJSON/SwiftyJSON.git";
			requirement = {
				branch = master;
				kind = branch;
			};
		};
/* End XCRemoteSwiftPackageReference section */

/* Begin XCSwiftPackageProductDependency section */
		630DDE1C27E323BF002AF948 /* HaishinKit */ = {
			isa = XCSwiftPackageProductDependency;
			productName = HaishinKit;
		};
		636F537B28C837FE008E7B1A /* KeychainAccess */ = {
			isa = XCSwiftPackageProductDependency;
			package = 636F537A28C837FE008E7B1A /* XCRemoteSwiftPackageReference "KeychainAccess" */;
			productName = KeychainAccess;
		};
		636F537E28C8380C008E7B1A /* Kingfisher */ = {
			isa = XCSwiftPackageProductDependency;
			package = 636F537D28C8380C008E7B1A /* XCRemoteSwiftPackageReference "Kingfisher" */;
			productName = Kingfisher;
		};
		636F539828C8B937008E7B1A /* SwiftyJSON */ = {
			isa = XCSwiftPackageProductDependency;
			package = 636F539728C8B937008E7B1A /* XCRemoteSwiftPackageReference "SwiftyJSON" */;
			productName = SwiftyJSON;
		};
/* End XCSwiftPackageProductDependency section */
	};
	rootObject = 6C3BF4A42719AFA800981C2C /* Project object */;
}
